// !$*UTF8*$!
{
	archiveVersion = 1;
	classes = {
	};
	objectVersion = 55;
	objects = {

/* Begin PBXBuildFile section */
		562F10AE2BAA492700BAFDDC /* Repository.swift in Sources */ = {isa = PBXBuildFile; fileRef = 562F10AD2BAA492700BAFDDC /* Repository.swift */; };
		562F10B02BAA49D500BAFDDC /* CurrencyRepository.swift in Sources */ = {isa = PBXBuildFile; fileRef = 562F10AF2BAA49D500BAFDDC /* CurrencyRepository.swift */; };
		562F10B22BAA4AE300BAFDDC /* CurrencyService.swift in Sources */ = {isa = PBXBuildFile; fileRef = 562F10B12BAA4AE300BAFDDC /* CurrencyService.swift */; };
		562F10B42BAA4B7B00BAFDDC /* CurrencyResponseDTO.swift in Sources */ = {isa = PBXBuildFile; fileRef = 562F10B32BAA4B7B00BAFDDC /* CurrencyResponseDTO.swift */; };
		562F10BA2BAB7D3100BAFDDC /* ServiceLayer.swift in Sources */ = {isa = PBXBuildFile; fileRef = 562F10B92BAB7D3100BAFDDC /* ServiceLayer.swift */; };
		562F10BC2BAB7E2100BAFDDC /* Router.swift in Sources */ = {isa = PBXBuildFile; fileRef = 562F10BB2BAB7E2100BAFDDC /* Router.swift */; };
		562F10BE2BAB839000BAFDDC /* CMRequestError.swift in Sources */ = {isa = PBXBuildFile; fileRef = 562F10BD2BAB839000BAFDDC /* CMRequestError.swift */; };
		562F10C02BACE03400BAFDDC /* BaseViewModel.swift in Sources */ = {isa = PBXBuildFile; fileRef = 562F10BF2BACE03400BAFDDC /* BaseViewModel.swift */; };
		562F10C32BACE4E000BAFDDC /* DependencyInjector.swift in Sources */ = {isa = PBXBuildFile; fileRef = 562F10C22BACE4E000BAFDDC /* DependencyInjector.swift */; };
		562F10C52BACEB5900BAFDDC /* SceneDelegate.swift in Sources */ = {isa = PBXBuildFile; fileRef = 562F10C42BACEB5900BAFDDC /* SceneDelegate.swift */; };
		56333CF42BAE00C6007363DF /* Box.swift in Sources */ = {isa = PBXBuildFile; fileRef = 56333CF32BAE00C6007363DF /* Box.swift */; };
		56333CF72BAF8B26007363DF /* CMMapper.swift in Sources */ = {isa = PBXBuildFile; fileRef = 56333CF62BAF8B26007363DF /* CMMapper.swift */; };
		56521C17280EDF3400AB8CA4 /* DatabaseHandler.swift in Sources */ = {isa = PBXBuildFile; fileRef = 56B5C39D28057FC6000558AD /* DatabaseHandler.swift */; };
		56521C18280EDF6900AB8CA4 /* MarketAPIManager.swift in Sources */ = {isa = PBXBuildFile; fileRef = 56B5C39C28057FC6000558AD /* MarketAPIManager.swift */; };
		56521C19280EDF6E00AB8CA4 /* ListingLatest.swift in Sources */ = {isa = PBXBuildFile; fileRef = 56B5C3A728057FE9000558AD /* ListingLatest.swift */; };
		56521C1A280EDF8900AB8CA4 /* CurrencyResponse.swift in Sources */ = {isa = PBXBuildFile; fileRef = 56B5C3A528057FE9000558AD /* CurrencyResponse.swift */; };
		56521C1B280EDF9700AB8CA4 /* Platform.swift in Sources */ = {isa = PBXBuildFile; fileRef = 56B5C3A628057FE9000558AD /* Platform.swift */; };
		56521C1C280EDFB100AB8CA4 /* Currency+CoreDataClass.swift in Sources */ = {isa = PBXBuildFile; fileRef = 56B5C3C328058177000558AD /* Currency+CoreDataClass.swift */; };
		56A976F5280DDF1A00ACBDCB /* Alamofire in Frameworks */ = {isa = PBXBuildFile; productRef = 56A976F4280DDF1A00ACBDCB /* Alamofire */; };
		56A97732280DE37200ACBDCB /* MagicalRecord.framework in Frameworks */ = {isa = PBXBuildFile; fileRef = 56A9771B280DE36000ACBDCB /* MagicalRecord.framework */; };
		56A97733280DE37200ACBDCB /* MagicalRecord.framework in Embed Frameworks */ = {isa = PBXBuildFile; fileRef = 56A9771B280DE36000ACBDCB /* MagicalRecord.framework */; settings = {ATTRIBUTES = (CodeSignOnCopy, RemoveHeadersOnCopy, ); }; };
		56B4E6AF2B9D8FB900851206 /* DatabaseService.swift in Sources */ = {isa = PBXBuildFile; fileRef = 56B4E6AE2B9D8FB900851206 /* DatabaseService.swift */; };
		56B4E6B12B9D8FF200851206 /* DatabaseServiceImplementation.swift in Sources */ = {isa = PBXBuildFile; fileRef = 56B4E6B02B9D8FF200851206 /* DatabaseServiceImplementation.swift */; };
		56B4E6B62B9E1FF900851206 /* CurrenciesListViewModelTests.swift in Sources */ = {isa = PBXBuildFile; fileRef = 56B4E6B52B9E1FF900851206 /* CurrenciesListViewModelTests.swift */; };
		56B4E6B92B9E3B9600851206 /* DatabaseServiceMock.swift in Sources */ = {isa = PBXBuildFile; fileRef = 56B4E6B82B9E3B9600851206 /* DatabaseServiceMock.swift */; };
		56B4E6BC2B9E3DF100851206 /* CurrencyResponseSamples.swift in Sources */ = {isa = PBXBuildFile; fileRef = 56B4E6BB2B9E3DF100851206 /* CurrencyResponseSamples.swift */; };
		56B4E6C32B9E4A0A00851206 /* CryptoMarketTestCase.swift in Sources */ = {isa = PBXBuildFile; fileRef = 56B4E6C22B9E4A0A00851206 /* CryptoMarketTestCase.swift */; };
		56B4E6C72B9E53A800851206 /* Storage.swift in Sources */ = {isa = PBXBuildFile; fileRef = 56B4E6C62B9E53A800851206 /* Storage.swift */; };
		56B4E6C92B9E541D00851206 /* CoreDataStorage.swift in Sources */ = {isa = PBXBuildFile; fileRef = 56B4E6C82B9E541D00851206 /* CoreDataStorage.swift */; };
		56B4E6CC2B9E668600851206 /* CurrencyDAO.swift in Sources */ = {isa = PBXBuildFile; fileRef = 56B4E6CB2B9E668600851206 /* CurrencyDAO.swift */; };
		56B4E6CF2B9E66D600851206 /* BaseDAO.swift in Sources */ = {isa = PBXBuildFile; fileRef = 56B4E6CE2B9E66D600851206 /* BaseDAO.swift */; };
		56B4E6D12B9E680500851206 /* CoreDataDAO.swift in Sources */ = {isa = PBXBuildFile; fileRef = 56B4E6D02B9E680500851206 /* CoreDataDAO.swift */; };
		56B4E74F2BA0D7D100851206 /* main.swift in Sources */ = {isa = PBXBuildFile; fileRef = 56B4E74E2BA0D7D100851206 /* main.swift */; };
		56B4E7502BA0D8DF00851206 /* AppDelegate.swift in Sources */ = {isa = PBXBuildFile; fileRef = 56B5C38328057DA7000558AD /* AppDelegate.swift */; };
		56B4E7542BA0DA7800851206 /* TestingAppDelegate.swift in Sources */ = {isa = PBXBuildFile; fileRef = 56B4E7522BA0DA6D00851206 /* TestingAppDelegate.swift */; };
		56B4E7572BA1003B00851206 /* CurrencySuccessResponse.json in Resources */ = {isa = PBXBuildFile; fileRef = 56B4E7562BA1003B00851206 /* CurrencySuccessResponse.json */; };
		56B4E7682BA4F00600851206 /* BackedCodable in Frameworks */ = {isa = PBXBuildFile; productRef = 56B4E7672BA4F00600851206 /* BackedCodable */; };
		56B4E76B2BA4F0E100851206 /* CurrencyDTO.swift in Sources */ = {isa = PBXBuildFile; fileRef = 56B4E76A2BA4F0E100851206 /* CurrencyDTO.swift */; };
		56B5C38428057DA7000558AD /* AppDelegate.swift in Sources */ = {isa = PBXBuildFile; fileRef = 56B5C38328057DA7000558AD /* AppDelegate.swift */; };
		56B5C38E28057DA7000558AD /* CryptoMarketTest.xcdatamodeld in Sources */ = {isa = PBXBuildFile; fileRef = 56B5C38C28057DA7000558AD /* CryptoMarketTest.xcdatamodeld */; };
		56B5C39028057DA8000558AD /* Assets.xcassets in Resources */ = {isa = PBXBuildFile; fileRef = 56B5C38F28057DA8000558AD /* Assets.xcassets */; };
		56B5C39328057DA9000558AD /* LaunchScreen.storyboard in Resources */ = {isa = PBXBuildFile; fileRef = 56B5C39128057DA9000558AD /* LaunchScreen.storyboard */; };
		56B5C39E28057FC6000558AD /* MarketAPIManager.swift in Sources */ = {isa = PBXBuildFile; fileRef = 56B5C39C28057FC6000558AD /* MarketAPIManager.swift */; };
		56B5C39F28057FC6000558AD /* DatabaseHandler.swift in Sources */ = {isa = PBXBuildFile; fileRef = 56B5C39D28057FC6000558AD /* DatabaseHandler.swift */; };
		56B5C3A228057FDD000558AD /* CMTableViewCellDataModel.swift in Sources */ = {isa = PBXBuildFile; fileRef = 56B5C3A128057FDD000558AD /* CMTableViewCellDataModel.swift */; };
		56B5C3A828057FE9000558AD /* DetailItem.swift in Sources */ = {isa = PBXBuildFile; fileRef = 56B5C3A428057FE9000558AD /* DetailItem.swift */; };
		56B5C3A928057FE9000558AD /* CurrencyResponse.swift in Sources */ = {isa = PBXBuildFile; fileRef = 56B5C3A528057FE9000558AD /* CurrencyResponse.swift */; };
		56B5C3AA28057FE9000558AD /* Platform.swift in Sources */ = {isa = PBXBuildFile; fileRef = 56B5C3A628057FE9000558AD /* Platform.swift */; };
		56B5C3AB28057FE9000558AD /* ListingLatest.swift in Sources */ = {isa = PBXBuildFile; fileRef = 56B5C3A728057FE9000558AD /* ListingLatest.swift */; };
		56B5C3B928057FFD000558AD /* CurrencyDetailViewController.swift in Sources */ = {isa = PBXBuildFile; fileRef = 56B5C3AE28057FFD000558AD /* CurrencyDetailViewController.swift */; };
		56B5C3BA28057FFD000558AD /* DetailTableViewCell.swift in Sources */ = {isa = PBXBuildFile; fileRef = 56B5C3B028057FFD000558AD /* DetailTableViewCell.swift */; };
		56B5C3BB28057FFD000558AD /* DetailTableViewCell.xib in Resources */ = {isa = PBXBuildFile; fileRef = 56B5C3B128057FFD000558AD /* DetailTableViewCell.xib */; };
		56B5C3BC28057FFD000558AD /* CurrencyDetailViewController.xib in Resources */ = {isa = PBXBuildFile; fileRef = 56B5C3B228057FFD000558AD /* CurrencyDetailViewController.xib */; };
		56B5C3BD28057FFD000558AD /* SearchCurrenciesResultsController.swift in Sources */ = {isa = PBXBuildFile; fileRef = 56B5C3B428057FFD000558AD /* SearchCurrenciesResultsController.swift */; };
		56B5C3BE28057FFD000558AD /* CurrencyItemTableViewCell.xib in Resources */ = {isa = PBXBuildFile; fileRef = 56B5C3B628057FFD000558AD /* CurrencyItemTableViewCell.xib */; };
		56B5C3BF28057FFD000558AD /* CurrencyItemTableViewCell.swift in Sources */ = {isa = PBXBuildFile; fileRef = 56B5C3B728057FFD000558AD /* CurrencyItemTableViewCell.swift */; };
		56B5C3C028057FFD000558AD /* CurrenciesListViewController.swift in Sources */ = {isa = PBXBuildFile; fileRef = 56B5C3B828057FFD000558AD /* CurrenciesListViewController.swift */; };
		56B5C3C428058178000558AD /* Currency+CoreDataProperties.swift in Sources */ = {isa = PBXBuildFile; fileRef = 56B5C3C228058177000558AD /* Currency+CoreDataProperties.swift */; };
		56B5C3C528058178000558AD /* Currency+CoreDataClass.swift in Sources */ = {isa = PBXBuildFile; fileRef = 56B5C3C328058177000558AD /* Currency+CoreDataClass.swift */; };
		56F456AC2B9D15F000A8003A /* CurrenciesListViewModel.swift in Sources */ = {isa = PBXBuildFile; fileRef = 56F456AB2B9D15F000A8003A /* CurrenciesListViewModel.swift */; };
/* End PBXBuildFile section */

/* Begin PBXContainerItemProxy section */
		56521C02280ED5D000AB8CA4 /* PBXContainerItemProxy */ = {
			isa = PBXContainerItemProxy;
			containerPortal = 56B5C37828057DA7000558AD /* Project object */;
			proxyType = 1;
			remoteGlobalIDString = 56B5C37F28057DA7000558AD;
			remoteInfo = CryptoMarketTest;
		};
		56A9771A280DE36000ACBDCB /* PBXContainerItemProxy */ = {
			isa = PBXContainerItemProxy;
			containerPortal = 56A9770B280DE35F00ACBDCB /* MagicalRecord.xcodeproj */;
			proxyType = 2;
			remoteGlobalIDString = 905D07181A63DE190076B54E;
			remoteInfo = "MagicalRecord for iOS";
		};
		56A9771C280DE36000ACBDCB /* PBXContainerItemProxy */ = {
			isa = PBXContainerItemProxy;
			containerPortal = 56A9770B280DE35F00ACBDCB /* MagicalRecord.xcodeproj */;
			proxyType = 2;
			remoteGlobalIDString = 9004F5211A94CBCF00A61312;
			remoteInfo = "MagicalRecord for iOS Tests";
		};
		56A9771E280DE36000ACBDCB /* PBXContainerItemProxy */ = {
			isa = PBXContainerItemProxy;
			containerPortal = 56A9770B280DE35F00ACBDCB /* MagicalRecord.xcodeproj */;
			proxyType = 2;
			remoteGlobalIDString = 905D073B1A63DE690076B54E;
			remoteInfo = "MagicalRecord for OS X";
		};
		56A97720280DE36000ACBDCB /* PBXContainerItemProxy */ = {
			isa = PBXContainerItemProxy;
			containerPortal = 56A9770B280DE35F00ACBDCB /* MagicalRecord.xcodeproj */;
			proxyType = 2;
			remoteGlobalIDString = 9004F5661A94CBF900A61312;
			remoteInfo = "MagicalRecord for OS X Tests";
		};
		56A97722280DE36000ACBDCB /* PBXContainerItemProxy */ = {
			isa = PBXContainerItemProxy;
			containerPortal = 56A9770B280DE35F00ACBDCB /* MagicalRecord.xcodeproj */;
			proxyType = 2;
			remoteGlobalIDString = 37CA2607229FEB7000EAB9F6;
			remoteInfo = "MagicalRecord for tvOS";
		};
		56A97724280DE36000ACBDCB /* PBXContainerItemProxy */ = {
			isa = PBXContainerItemProxy;
			containerPortal = 56A9770B280DE35F00ACBDCB /* MagicalRecord.xcodeproj */;
			proxyType = 2;
			remoteGlobalIDString = 37CA260F229FEB7000EAB9F6;
			remoteInfo = "MagicalRecord for tvOS Tests";
		};
		56A97726280DE36000ACBDCB /* PBXContainerItemProxy */ = {
			isa = PBXContainerItemProxy;
			containerPortal = 56A9770B280DE35F00ACBDCB /* MagicalRecord.xcodeproj */;
			proxyType = 2;
			remoteGlobalIDString = C7CF97AB17498414008D9D13;
			remoteInfo = "libMagicalRecord for iOS";
		};
		56A97728280DE36000ACBDCB /* PBXContainerItemProxy */ = {
			isa = PBXContainerItemProxy;
			containerPortal = 56A9770B280DE35F00ACBDCB /* MagicalRecord.xcodeproj */;
			proxyType = 2;
			remoteGlobalIDString = C7CF97FF174984CA008D9D13;
			remoteInfo = "libMagicalRecord for iOS Tests";
		};
		56A9772A280DE36000ACBDCB /* PBXContainerItemProxy */ = {
			isa = PBXContainerItemProxy;
			containerPortal = 56A9770B280DE35F00ACBDCB /* MagicalRecord.xcodeproj */;
			proxyType = 2;
			remoteGlobalIDString = C7CF97BB1749843F008D9D13;
			remoteInfo = "libMagicalRecord for OS X";
		};
		56A9772C280DE36000ACBDCB /* PBXContainerItemProxy */ = {
			isa = PBXContainerItemProxy;
			containerPortal = 56A9770B280DE35F00ACBDCB /* MagicalRecord.xcodeproj */;
			proxyType = 2;
			remoteGlobalIDString = C7CF9816174984E4008D9D13;
			remoteInfo = "libMagicalRecord for OS X Tests";
		};
		56A9772E280DE36000ACBDCB /* PBXContainerItemProxy */ = {
			isa = PBXContainerItemProxy;
			containerPortal = 56A9770B280DE35F00ACBDCB /* MagicalRecord.xcodeproj */;
			proxyType = 2;
			remoteGlobalIDString = 3790044922BB51880087D3FC;
			remoteInfo = "libMagicalRecord for tvOS";
		};
		56A97730280DE36000ACBDCB /* PBXContainerItemProxy */ = {
			isa = PBXContainerItemProxy;
			containerPortal = 56A9770B280DE35F00ACBDCB /* MagicalRecord.xcodeproj */;
			proxyType = 2;
			remoteGlobalIDString = 3790045622BB51DD0087D3FC;
			remoteInfo = "libMagicalRecord for tvOS Tests";
		};
/* End PBXContainerItemProxy section */

/* Begin PBXCopyFilesBuildPhase section */
		56CFADB12805A6B10020EAB4 /* Embed Frameworks */ = {
			isa = PBXCopyFilesBuildPhase;
			buildActionMask = 2147483647;
			dstPath = "";
			dstSubfolderSpec = 10;
			files = (
				56A97733280DE37200ACBDCB /* MagicalRecord.framework in Embed Frameworks */,
			);
			name = "Embed Frameworks";
			runOnlyForDeploymentPostprocessing = 0;
		};
/* End PBXCopyFilesBuildPhase section */

/* Begin PBXFileReference section */
		562F10AD2BAA492700BAFDDC /* Repository.swift */ = {isa = PBXFileReference; lastKnownFileType = sourcecode.swift; path = Repository.swift; sourceTree = "<group>"; };
		562F10AF2BAA49D500BAFDDC /* CurrencyRepository.swift */ = {isa = PBXFileReference; lastKnownFileType = sourcecode.swift; path = CurrencyRepository.swift; sourceTree = "<group>"; };
		562F10B12BAA4AE300BAFDDC /* CurrencyService.swift */ = {isa = PBXFileReference; lastKnownFileType = sourcecode.swift; path = CurrencyService.swift; sourceTree = "<group>"; };
		562F10B32BAA4B7B00BAFDDC /* CurrencyResponseDTO.swift */ = {isa = PBXFileReference; lastKnownFileType = sourcecode.swift; path = CurrencyResponseDTO.swift; sourceTree = "<group>"; };
		562F10B92BAB7D3100BAFDDC /* ServiceLayer.swift */ = {isa = PBXFileReference; lastKnownFileType = sourcecode.swift; path = ServiceLayer.swift; sourceTree = "<group>"; };
		562F10BB2BAB7E2100BAFDDC /* Router.swift */ = {isa = PBXFileReference; lastKnownFileType = sourcecode.swift; path = Router.swift; sourceTree = "<group>"; };
		562F10BD2BAB839000BAFDDC /* CMRequestError.swift */ = {isa = PBXFileReference; lastKnownFileType = sourcecode.swift; path = CMRequestError.swift; sourceTree = "<group>"; };
		562F10BF2BACE03400BAFDDC /* BaseViewModel.swift */ = {isa = PBXFileReference; lastKnownFileType = sourcecode.swift; path = BaseViewModel.swift; sourceTree = "<group>"; };
		562F10C22BACE4E000BAFDDC /* DependencyInjector.swift */ = {isa = PBXFileReference; lastKnownFileType = sourcecode.swift; path = DependencyInjector.swift; sourceTree = "<group>"; };
		562F10C42BACEB5900BAFDDC /* SceneDelegate.swift */ = {isa = PBXFileReference; fileEncoding = 4; lastKnownFileType = sourcecode.swift; path = SceneDelegate.swift; sourceTree = "<group>"; };
		56333CF32BAE00C6007363DF /* Box.swift */ = {isa = PBXFileReference; lastKnownFileType = sourcecode.swift; path = Box.swift; sourceTree = "<group>"; };
		56333CF62BAF8B26007363DF /* CMMapper.swift */ = {isa = PBXFileReference; lastKnownFileType = sourcecode.swift; path = CMMapper.swift; sourceTree = "<group>"; };
		56521BFE280ED5D000AB8CA4 /* CryptoMarketTestTests.xctest */ = {isa = PBXFileReference; explicitFileType = wrapper.cfbundle; includeInIndex = 0; path = CryptoMarketTestTests.xctest; sourceTree = BUILT_PRODUCTS_DIR; };
		56A9770B280DE35F00ACBDCB /* MagicalRecord.xcodeproj */ = {isa = PBXFileReference; lastKnownFileType = "wrapper.pb-project"; name = MagicalRecord.xcodeproj; path = Vendor/MagicalRecord/MagicalRecord.xcodeproj; sourceTree = "<group>"; };
		56B4E6AE2B9D8FB900851206 /* DatabaseService.swift */ = {isa = PBXFileReference; lastKnownFileType = sourcecode.swift; path = DatabaseService.swift; sourceTree = "<group>"; };
		56B4E6B02B9D8FF200851206 /* DatabaseServiceImplementation.swift */ = {isa = PBXFileReference; lastKnownFileType = sourcecode.swift; path = DatabaseServiceImplementation.swift; sourceTree = "<group>"; };
		56B4E6B42B9E1F3C00851206 /* CryptoMarket.xctestplan */ = {isa = PBXFileReference; lastKnownFileType = text; path = CryptoMarket.xctestplan; sourceTree = "<group>"; };
		56B4E6B52B9E1FF900851206 /* CurrenciesListViewModelTests.swift */ = {isa = PBXFileReference; lastKnownFileType = sourcecode.swift; path = CurrenciesListViewModelTests.swift; sourceTree = "<group>"; };
		56B4E6B82B9E3B9600851206 /* DatabaseServiceMock.swift */ = {isa = PBXFileReference; lastKnownFileType = sourcecode.swift; path = DatabaseServiceMock.swift; sourceTree = "<group>"; };
		56B4E6BB2B9E3DF100851206 /* CurrencyResponseSamples.swift */ = {isa = PBXFileReference; lastKnownFileType = sourcecode.swift; path = CurrencyResponseSamples.swift; sourceTree = "<group>"; };
		56B4E6C22B9E4A0A00851206 /* CryptoMarketTestCase.swift */ = {isa = PBXFileReference; lastKnownFileType = sourcecode.swift; path = CryptoMarketTestCase.swift; sourceTree = "<group>"; };
		56B4E6C62B9E53A800851206 /* Storage.swift */ = {isa = PBXFileReference; lastKnownFileType = sourcecode.swift; path = Storage.swift; sourceTree = "<group>"; };
		56B4E6C82B9E541D00851206 /* CoreDataStorage.swift */ = {isa = PBXFileReference; lastKnownFileType = sourcecode.swift; path = CoreDataStorage.swift; sourceTree = "<group>"; };
		56B4E6CB2B9E668600851206 /* CurrencyDAO.swift */ = {isa = PBXFileReference; lastKnownFileType = sourcecode.swift; path = CurrencyDAO.swift; sourceTree = "<group>"; };
		56B4E6CE2B9E66D600851206 /* BaseDAO.swift */ = {isa = PBXFileReference; lastKnownFileType = sourcecode.swift; path = BaseDAO.swift; sourceTree = "<group>"; };
		56B4E6D02B9E680500851206 /* CoreDataDAO.swift */ = {isa = PBXFileReference; lastKnownFileType = sourcecode.swift; path = CoreDataDAO.swift; sourceTree = "<group>"; };
		56B4E74E2BA0D7D100851206 /* main.swift */ = {isa = PBXFileReference; lastKnownFileType = sourcecode.swift; path = main.swift; sourceTree = "<group>"; };
		56B4E7522BA0DA6D00851206 /* TestingAppDelegate.swift */ = {isa = PBXFileReference; lastKnownFileType = sourcecode.swift; path = TestingAppDelegate.swift; sourceTree = "<group>"; };
		56B4E7562BA1003B00851206 /* CurrencySuccessResponse.json */ = {isa = PBXFileReference; fileEncoding = 4; lastKnownFileType = text.json; path = CurrencySuccessResponse.json; sourceTree = "<group>"; };
		56B4E76A2BA4F0E100851206 /* CurrencyDTO.swift */ = {isa = PBXFileReference; lastKnownFileType = sourcecode.swift; path = CurrencyDTO.swift; sourceTree = "<group>"; };
		56B5C38028057DA7000558AD /* CryptoMarketTest.app */ = {isa = PBXFileReference; explicitFileType = wrapper.application; includeInIndex = 0; path = CryptoMarketTest.app; sourceTree = BUILT_PRODUCTS_DIR; };
		56B5C38328057DA7000558AD /* AppDelegate.swift */ = {isa = PBXFileReference; lastKnownFileType = sourcecode.swift; path = AppDelegate.swift; sourceTree = "<group>"; };
		56B5C38D28057DA7000558AD /* CryptoMarketTest.xcdatamodel */ = {isa = PBXFileReference; lastKnownFileType = wrapper.xcdatamodel; path = CryptoMarketTest.xcdatamodel; sourceTree = "<group>"; };
		56B5C38F28057DA8000558AD /* Assets.xcassets */ = {isa = PBXFileReference; lastKnownFileType = folder.assetcatalog; path = Assets.xcassets; sourceTree = "<group>"; };
		56B5C39228057DA9000558AD /* Base */ = {isa = PBXFileReference; lastKnownFileType = file.storyboard; name = Base; path = Base.lproj/LaunchScreen.storyboard; sourceTree = "<group>"; };
		56B5C39428057DA9000558AD /* Info.plist */ = {isa = PBXFileReference; lastKnownFileType = text.plist.xml; path = Info.plist; sourceTree = "<group>"; };
		56B5C39C28057FC6000558AD /* MarketAPIManager.swift */ = {isa = PBXFileReference; fileEncoding = 4; lastKnownFileType = sourcecode.swift; path = MarketAPIManager.swift; sourceTree = "<group>"; };
		56B5C39D28057FC6000558AD /* DatabaseHandler.swift */ = {isa = PBXFileReference; fileEncoding = 4; lastKnownFileType = sourcecode.swift; path = DatabaseHandler.swift; sourceTree = "<group>"; };
		56B5C3A128057FDD000558AD /* CMTableViewCellDataModel.swift */ = {isa = PBXFileReference; fileEncoding = 4; lastKnownFileType = sourcecode.swift; path = CMTableViewCellDataModel.swift; sourceTree = "<group>"; };
		56B5C3A428057FE9000558AD /* DetailItem.swift */ = {isa = PBXFileReference; fileEncoding = 4; lastKnownFileType = sourcecode.swift; path = DetailItem.swift; sourceTree = "<group>"; };
		56B5C3A528057FE9000558AD /* CurrencyResponse.swift */ = {isa = PBXFileReference; fileEncoding = 4; lastKnownFileType = sourcecode.swift; path = CurrencyResponse.swift; sourceTree = "<group>"; };
		56B5C3A628057FE9000558AD /* Platform.swift */ = {isa = PBXFileReference; fileEncoding = 4; lastKnownFileType = sourcecode.swift; path = Platform.swift; sourceTree = "<group>"; };
		56B5C3A728057FE9000558AD /* ListingLatest.swift */ = {isa = PBXFileReference; fileEncoding = 4; lastKnownFileType = sourcecode.swift; path = ListingLatest.swift; sourceTree = "<group>"; };
		56B5C3AE28057FFD000558AD /* CurrencyDetailViewController.swift */ = {isa = PBXFileReference; fileEncoding = 4; lastKnownFileType = sourcecode.swift; path = CurrencyDetailViewController.swift; sourceTree = "<group>"; };
		56B5C3B028057FFD000558AD /* DetailTableViewCell.swift */ = {isa = PBXFileReference; fileEncoding = 4; lastKnownFileType = sourcecode.swift; path = DetailTableViewCell.swift; sourceTree = "<group>"; };
		56B5C3B128057FFD000558AD /* DetailTableViewCell.xib */ = {isa = PBXFileReference; fileEncoding = 4; lastKnownFileType = file.xib; path = DetailTableViewCell.xib; sourceTree = "<group>"; };
		56B5C3B228057FFD000558AD /* CurrencyDetailViewController.xib */ = {isa = PBXFileReference; fileEncoding = 4; lastKnownFileType = file.xib; path = CurrencyDetailViewController.xib; sourceTree = "<group>"; };
		56B5C3B428057FFD000558AD /* SearchCurrenciesResultsController.swift */ = {isa = PBXFileReference; fileEncoding = 4; lastKnownFileType = sourcecode.swift; path = SearchCurrenciesResultsController.swift; sourceTree = "<group>"; };
		56B5C3B628057FFD000558AD /* CurrencyItemTableViewCell.xib */ = {isa = PBXFileReference; fileEncoding = 4; lastKnownFileType = file.xib; path = CurrencyItemTableViewCell.xib; sourceTree = "<group>"; };
		56B5C3B728057FFD000558AD /* CurrencyItemTableViewCell.swift */ = {isa = PBXFileReference; fileEncoding = 4; lastKnownFileType = sourcecode.swift; path = CurrencyItemTableViewCell.swift; sourceTree = "<group>"; };
		56B5C3B828057FFD000558AD /* CurrenciesListViewController.swift */ = {isa = PBXFileReference; fileEncoding = 4; lastKnownFileType = sourcecode.swift; path = CurrenciesListViewController.swift; sourceTree = "<group>"; };
		56B5C3C228058177000558AD /* Currency+CoreDataProperties.swift */ = {isa = PBXFileReference; fileEncoding = 4; lastKnownFileType = sourcecode.swift; path = "Currency+CoreDataProperties.swift"; sourceTree = "<group>"; };
		56B5C3C328058177000558AD /* Currency+CoreDataClass.swift */ = {isa = PBXFileReference; fileEncoding = 4; lastKnownFileType = sourcecode.swift; path = "Currency+CoreDataClass.swift"; sourceTree = "<group>"; };
		56F456AB2B9D15F000A8003A /* CurrenciesListViewModel.swift */ = {isa = PBXFileReference; lastKnownFileType = sourcecode.swift; path = CurrenciesListViewModel.swift; sourceTree = "<group>"; };
/* End PBXFileReference section */

/* Begin PBXFrameworksBuildPhase section */
		56521BFB280ED5D000AB8CA4 /* Frameworks */ = {
			isa = PBXFrameworksBuildPhase;
			buildActionMask = 2147483647;
			files = (
			);
			runOnlyForDeploymentPostprocessing = 0;
		};
		56B5C37D28057DA7000558AD /* Frameworks */ = {
			isa = PBXFrameworksBuildPhase;
			buildActionMask = 2147483647;
			files = (
				56A97732280DE37200ACBDCB /* MagicalRecord.framework in Frameworks */,
				56B4E7682BA4F00600851206 /* BackedCodable in Frameworks */,
				56A976F5280DDF1A00ACBDCB /* Alamofire in Frameworks */,
			);
			runOnlyForDeploymentPostprocessing = 0;
		};
/* End PBXFrameworksBuildPhase section */

/* Begin PBXGroup section */
		562F10A82BA8F91000BAFDDC /* Network */ = {
			isa = PBXGroup;
			children = (
				562F10B82BAB7CBF00BAFDDC /* Services */,
			);
			path = Network;
			sourceTree = "<group>";
		};
		562F10A92BA8F91700BAFDDC /* Repository */ = {
			isa = PBXGroup;
			children = (
				562F10AA2BA8F98700BAFDDC /* DAO */,
				562F10AD2BAA492700BAFDDC /* Repository.swift */,
				562F10AF2BAA49D500BAFDDC /* CurrencyRepository.swift */,
			);
			path = Repository;
			sourceTree = "<group>";
		};
		562F10AA2BA8F98700BAFDDC /* DAO */ = {
			isa = PBXGroup;
			children = (
				56B4E6CE2B9E66D600851206 /* BaseDAO.swift */,
				562F10B52BAB6E1500BAFDDC /* CoreData */,
				562F10B62BAB6E4D00BAFDDC /* Storage */,
			);
			path = DAO;
			sourceTree = "<group>";
		};
		562F10AB2BAA48A000BAFDDC /* Domain */ = {
			isa = PBXGroup;
			children = (
				562F10AC2BAA48AB00BAFDDC /* Usecase */,
			);
			path = Domain;
			sourceTree = "<group>";
		};
		562F10AC2BAA48AB00BAFDDC /* Usecase */ = {
			isa = PBXGroup;
			children = (
			);
			path = Usecase;
			sourceTree = "<group>";
		};
		562F10B52BAB6E1500BAFDDC /* CoreData */ = {
			isa = PBXGroup;
			children = (
				56B4E6CB2B9E668600851206 /* CurrencyDAO.swift */,
				56B4E6D02B9E680500851206 /* CoreDataDAO.swift */,
			);
			path = CoreData;
			sourceTree = "<group>";
		};
		562F10B62BAB6E4D00BAFDDC /* Storage */ = {
			isa = PBXGroup;
			children = (
				56333CF52BAF8B12007363DF /* Mapping */,
				56B4E6C62B9E53A800851206 /* Storage.swift */,
				562F10B72BAB6E8A00BAFDDC /* CoreData */,
			);
			path = Storage;
			sourceTree = "<group>";
		};
		562F10B72BAB6E8A00BAFDDC /* CoreData */ = {
			isa = PBXGroup;
			children = (
				56B4E6C82B9E541D00851206 /* CoreDataStorage.swift */,
			);
			path = CoreData;
			sourceTree = "<group>";
		};
		562F10B82BAB7CBF00BAFDDC /* Services */ = {
			isa = PBXGroup;
			children = (
				562F10BB2BAB7E2100BAFDDC /* Router.swift */,
				562F10B92BAB7D3100BAFDDC /* ServiceLayer.swift */,
				562F10BD2BAB839000BAFDDC /* CMRequestError.swift */,
				562F10B12BAA4AE300BAFDDC /* CurrencyService.swift */,
			);
			path = Services;
			sourceTree = "<group>";
		};
		562F10C12BACE4C300BAFDDC /* Dependencies */ = {
			isa = PBXGroup;
			children = (
				562F10C22BACE4E000BAFDDC /* DependencyInjector.swift */,
			);
			path = Dependencies;
			sourceTree = "<group>";
		};
		56333CF22BAE00AF007363DF /* Utilities */ = {
			isa = PBXGroup;
			children = (
				56333CF32BAE00C6007363DF /* Box.swift */,
			);
			path = Utilities;
			sourceTree = "<group>";
		};
		56333CF52BAF8B12007363DF /* Mapping */ = {
			isa = PBXGroup;
			children = (
				56333CF62BAF8B26007363DF /* CMMapper.swift */,
			);
			path = Mapping;
			sourceTree = "<group>";
		};
		56521BFF280ED5D000AB8CA4 /* CryptoMarketTestTests */ = {
			isa = PBXGroup;
			children = (
				5675F5BB2BD2AF3100C0793D /* Resources */,
				56A144D02BB9F39E000582B7 /* Cases */,
				56B4E6B72B9E3B2B00851206 /* Mocks */,
				56A144D32BB9F40F000582B7 /* Helper Classes */,
				56B4E7552BA0E34100851206 /* SupportingFiles */,
			);
			path = CryptoMarketTestTests;
			sourceTree = "<group>";
		};
		5675F5BB2BD2AF3100C0793D /* Resources */ = {
			isa = PBXGroup;
			children = (
				56B4E7562BA1003B00851206 /* CurrencySuccessResponse.json */,
			);
			path = Resources;
			sourceTree = "<group>";
		};
		56A144D02BB9F39E000582B7 /* Cases */ = {
			isa = PBXGroup;
			children = (
				56A144D12BB9F3CB000582B7 /* App Model */,
				56A144D22BB9F3D2000582B7 /* UI Layer */,
			);
			path = Cases;
			sourceTree = "<group>";
		};
		56A144D12BB9F3CB000582B7 /* App Model */ = {
			isa = PBXGroup;
			children = (
				56B4E6B52B9E1FF900851206 /* CurrenciesListViewModelTests.swift */,
			);
			path = "App Model";
			sourceTree = "<group>";
		};
		56A144D22BB9F3D2000582B7 /* UI Layer */ = {
			isa = PBXGroup;
			children = (
			);
			path = "UI Layer";
			sourceTree = "<group>";
		};
		56A144D32BB9F40F000582B7 /* Helper Classes */ = {
			isa = PBXGroup;
			children = (
				56B4E6C22B9E4A0A00851206 /* CryptoMarketTestCase.swift */,
			);
			path = "Helper Classes";
			sourceTree = "<group>";
		};
		56A9770C280DE35F00ACBDCB /* Products */ = {
			isa = PBXGroup;
			children = (
				56A9771B280DE36000ACBDCB /* MagicalRecord.framework */,
				56A9771D280DE36000ACBDCB /* MagicalRecord for iOS Tests.xctest */,
				56A9771F280DE36000ACBDCB /* MagicalRecord.framework */,
				56A97721280DE36000ACBDCB /* MagicalRecord for OS X Tests.xctest */,
				56A97723280DE36000ACBDCB /* MagicalRecord.framework */,
				56A97725280DE36000ACBDCB /* MagicalRecord for tvOS Tests.xctest */,
				56A97727280DE36000ACBDCB /* libMagicalRecord.a */,
				56A97729280DE36000ACBDCB /* libMagicalRecord for iOS Tests.xctest */,
				56A9772B280DE36000ACBDCB /* libMagicalRecord.dylib */,
				56A9772D280DE36000ACBDCB /* libMagicalRecord for OS X Tests.xctest */,
				56A9772F280DE36000ACBDCB /* libMagicalRecord.a */,
				56A97731280DE36000ACBDCB /* libMagicalRecord for tvOS Tests.xctest */,
			);
			name = Products;
			sourceTree = "<group>";
		};
		56B4E6AD2B9D8F3600851206 /* Database */ = {
			isa = PBXGroup;
			children = (
				56B4E6AE2B9D8FB900851206 /* DatabaseService.swift */,
				56B4E6B02B9D8FF200851206 /* DatabaseServiceImplementation.swift */,
			);
			path = Database;
			sourceTree = "<group>";
		};
		56B4E6B22B9E1CEC00851206 /* UIComponents */ = {
			isa = PBXGroup;
			children = (
				56B5C3B428057FFD000558AD /* SearchCurrenciesResultsController.swift */,
				56B5C3B528057FFD000558AD /* TableView Cells */,
			);
			path = UIComponents;
			sourceTree = "<group>";
		};
		56B4E6B72B9E3B2B00851206 /* Mocks */ = {
			isa = PBXGroup;
			children = (
				56B4E6B82B9E3B9600851206 /* DatabaseServiceMock.swift */,
			);
			path = Mocks;
			sourceTree = "<group>";
		};
		56B4E6BA2B9E3DE200851206 /* Samples */ = {
			isa = PBXGroup;
			children = (
				56B4E6BB2B9E3DF100851206 /* CurrencyResponseSamples.swift */,
			);
			path = Samples;
			sourceTree = "<group>";
		};
		56B4E6C42B9E538000851206 /* Data */ = {
			isa = PBXGroup;
			children = (
				562F10A82BA8F91000BAFDDC /* Network */,
				562F10A92BA8F91700BAFDDC /* Repository */,
			);
			path = Data;
			sourceTree = "<group>";
		};
		56B4E6CD2B9E66AE00851206 /* CoreDataWrapper */ = {
			isa = PBXGroup;
			children = (
			);
			path = CoreDataWrapper;
			sourceTree = "<group>";
		};
		56B4E7552BA0E34100851206 /* SupportingFiles */ = {
			isa = PBXGroup;
			children = (
				56B4E7522BA0DA6D00851206 /* TestingAppDelegate.swift */,
			);
			path = SupportingFiles;
			sourceTree = "<group>";
		};
		56B4E7692BA4F0CD00851206 /* DTOs */ = {
			isa = PBXGroup;
			children = (
				56B4E76A2BA4F0E100851206 /* CurrencyDTO.swift */,
			);
			path = DTOs;
			sourceTree = "<group>";
		};
		56B5C37728057DA7000558AD = {
			isa = PBXGroup;
			children = (
				56B4E6B42B9E1F3C00851206 /* CryptoMarket.xctestplan */,
				56B5C38228057DA7000558AD /* CryptoMarketTest */,
				56A9770B280DE35F00ACBDCB /* MagicalRecord.xcodeproj */,
				56521BFF280ED5D000AB8CA4 /* CryptoMarketTestTests */,
				56B5C38128057DA7000558AD /* Products */,
				91850390822A83C8AD3FB715 /* Frameworks */,
			);
			sourceTree = "<group>";
		};
		56B5C38128057DA7000558AD /* Products */ = {
			isa = PBXGroup;
			children = (
				56B5C38028057DA7000558AD /* CryptoMarketTest.app */,
				56521BFE280ED5D000AB8CA4 /* CryptoMarketTestTests.xctest */,
			);
			name = Products;
			sourceTree = "<group>";
		};
		56B5C38228057DA7000558AD /* CryptoMarketTest */ = {
			isa = PBXGroup;
			children = (
				56B5C39428057DA9000558AD /* Info.plist */,
				56B5C39A28057FC6000558AD /* Managers */,
				56F456A82B9CB3F400A8003A /* Services */,
				56B4E6C42B9E538000851206 /* Data */,
				562F10AB2BAA48A000BAFDDC /* Domain */,
				56B5C3A028057FDD000558AD /* Models */,
				56B5C3A328057FE9000558AD /* Structures */,
				56B5C3AC28057FFD000558AD /* Screens */,
				56B5C3C128058033000558AD /* Database */,
				562F10C12BACE4C300BAFDDC /* Dependencies */,
				56F456A62B9CB1AF00A8003A /* SupportinFiles */,
				56333CF22BAE00AF007363DF /* Utilities */,
				56F456A72B9CB1D400A8003A /* Resources */,
			);
			path = CryptoMarketTest;
			sourceTree = "<group>";
		};
		56B5C39A28057FC6000558AD /* Managers */ = {
			isa = PBXGroup;
			children = (
				56B5C39B28057FC6000558AD /* APIManager */,
			);
			path = Managers;
			sourceTree = "<group>";
		};
		56B5C39B28057FC6000558AD /* APIManager */ = {
			isa = PBXGroup;
			children = (
				56B5C39C28057FC6000558AD /* MarketAPIManager.swift */,
			);
			path = APIManager;
			sourceTree = "<group>";
		};
		56B5C3A028057FDD000558AD /* Models */ = {
			isa = PBXGroup;
			children = (
				56B5C3A128057FDD000558AD /* CMTableViewCellDataModel.swift */,
				562F10BF2BACE03400BAFDDC /* BaseViewModel.swift */,
			);
			path = Models;
			sourceTree = "<group>";
		};
		56B5C3A328057FE9000558AD /* Structures */ = {
			isa = PBXGroup;
			children = (
				56B5C3A428057FE9000558AD /* DetailItem.swift */,
				56B5C3A528057FE9000558AD /* CurrencyResponse.swift */,
				56B5C3A628057FE9000558AD /* Platform.swift */,
				56B5C3A728057FE9000558AD /* ListingLatest.swift */,
				56B4E6BA2B9E3DE200851206 /* Samples */,
				562F10B32BAA4B7B00BAFDDC /* CurrencyResponseDTO.swift */,
			);
			path = Structures;
			sourceTree = "<group>";
		};
		56B5C3AC28057FFD000558AD /* Screens */ = {
			isa = PBXGroup;
			children = (
				56B5C3AD28057FFD000558AD /* DetailScreen */,
				56B5C3B328057FFD000558AD /* CurrenciesList */,
			);
			path = Screens;
			sourceTree = "<group>";
		};
		56B5C3AD28057FFD000558AD /* DetailScreen */ = {
			isa = PBXGroup;
			children = (
				56B5C3AF28057FFD000558AD /* TableView Cells */,
				56B5C3AE28057FFD000558AD /* CurrencyDetailViewController.swift */,
				56B5C3B228057FFD000558AD /* CurrencyDetailViewController.xib */,
			);
			path = DetailScreen;
			sourceTree = "<group>";
		};
		56B5C3AF28057FFD000558AD /* TableView Cells */ = {
			isa = PBXGroup;
			children = (
				56B5C3B028057FFD000558AD /* DetailTableViewCell.swift */,
				56B5C3B128057FFD000558AD /* DetailTableViewCell.xib */,
			);
			path = "TableView Cells";
			sourceTree = "<group>";
		};
		56B5C3B328057FFD000558AD /* CurrenciesList */ = {
			isa = PBXGroup;
			children = (
				56F456A92B9D15B000A8003A /* View */,
				56F456AA2B9D15B800A8003A /* Model */,
				56B4E6B22B9E1CEC00851206 /* UIComponents */,
			);
			path = CurrenciesList;
			sourceTree = "<group>";
		};
		56B5C3B528057FFD000558AD /* TableView Cells */ = {
			isa = PBXGroup;
			children = (
				56B5C3B628057FFD000558AD /* CurrencyItemTableViewCell.xib */,
				56B5C3B728057FFD000558AD /* CurrencyItemTableViewCell.swift */,
			);
			path = "TableView Cells";
			sourceTree = "<group>";
		};
		56B5C3C128058033000558AD /* Database */ = {
			isa = PBXGroup;
			children = (
				56B4E7692BA4F0CD00851206 /* DTOs */,
				56B4E6CD2B9E66AE00851206 /* CoreDataWrapper */,
				56B5C3C328058177000558AD /* Currency+CoreDataClass.swift */,
				56B5C3C228058177000558AD /* Currency+CoreDataProperties.swift */,
				56B5C38C28057DA7000558AD /* CryptoMarketTest.xcdatamodeld */,
			);
			path = Database;
			sourceTree = "<group>";
		};
		56F456A62B9CB1AF00A8003A /* SupportinFiles */ = {
			isa = PBXGroup;
			children = (
				56B5C38328057DA7000558AD /* AppDelegate.swift */,
				562F10C42BACEB5900BAFDDC /* SceneDelegate.swift */,
				56B4E74E2BA0D7D100851206 /* main.swift */,
				56B5C39128057DA9000558AD /* LaunchScreen.storyboard */,
			);
			path = SupportinFiles;
			sourceTree = "<group>";
		};
		56F456A72B9CB1D400A8003A /* Resources */ = {
			isa = PBXGroup;
			children = (
				56B5C38F28057DA8000558AD /* Assets.xcassets */,
			);
			path = Resources;
			sourceTree = "<group>";
		};
		56F456A82B9CB3F400A8003A /* Services */ = {
			isa = PBXGroup;
			children = (
				56B4E6AD2B9D8F3600851206 /* Database */,
				56B5C39D28057FC6000558AD /* DatabaseHandler.swift */,
			);
			path = Services;
			sourceTree = "<group>";
		};
		56F456A92B9D15B000A8003A /* View */ = {
			isa = PBXGroup;
			children = (
				56B5C3B828057FFD000558AD /* CurrenciesListViewController.swift */,
			);
			path = View;
			sourceTree = "<group>";
		};
		56F456AA2B9D15B800A8003A /* Model */ = {
			isa = PBXGroup;
			children = (
				56F456AB2B9D15F000A8003A /* CurrenciesListViewModel.swift */,
			);
			path = Model;
			sourceTree = "<group>";
		};
		91850390822A83C8AD3FB715 /* Frameworks */ = {
			isa = PBXGroup;
			children = (
			);
			name = Frameworks;
			sourceTree = "<group>";
		};
/* End PBXGroup section */

/* Begin PBXNativeTarget section */
		56521BFD280ED5D000AB8CA4 /* CryptoMarketTestTests */ = {
			isa = PBXNativeTarget;
			buildConfigurationList = 56521C12280ED5D000AB8CA4 /* Build configuration list for PBXNativeTarget "CryptoMarketTestTests" */;
			buildPhases = (
				56521BFA280ED5D000AB8CA4 /* Sources */,
				56521BFB280ED5D000AB8CA4 /* Frameworks */,
				56521BFC280ED5D000AB8CA4 /* Resources */,
			);
			buildRules = (
			);
			dependencies = (
				56521C03280ED5D000AB8CA4 /* PBXTargetDependency */,
			);
			name = CryptoMarketTestTests;
			productName = CryptoMarketTestTests;
			productReference = 56521BFE280ED5D000AB8CA4 /* CryptoMarketTestTests.xctest */;
			productType = "com.apple.product-type.bundle.unit-test";
		};
		56B5C37F28057DA7000558AD /* CryptoMarketTest */ = {
			isa = PBXNativeTarget;
			buildConfigurationList = 56B5C39728057DA9000558AD /* Build configuration list for PBXNativeTarget "CryptoMarketTest" */;
			buildPhases = (
				56B5C37C28057DA7000558AD /* Sources */,
				56B5C37D28057DA7000558AD /* Frameworks */,
				56B5C37E28057DA7000558AD /* Resources */,
				56CFADB12805A6B10020EAB4 /* Embed Frameworks */,
			);
			buildRules = (
			);
			dependencies = (
			);
			name = CryptoMarketTest;
			packageProductDependencies = (
				56A976F4280DDF1A00ACBDCB /* Alamofire */,
				56B4E7672BA4F00600851206 /* BackedCodable */,
			);
			productName = CryptoMarketTest;
			productReference = 56B5C38028057DA7000558AD /* CryptoMarketTest.app */;
			productType = "com.apple.product-type.application";
		};
/* End PBXNativeTarget section */

/* Begin PBXProject section */
		56B5C37828057DA7000558AD /* Project object */ = {
			isa = PBXProject;
			attributes = {
				BuildIndependentTargetsInParallel = 1;
				LastSwiftUpdateCheck = 1330;
				LastUpgradeCheck = 1330;
				TargetAttributes = {
					56521BFD280ED5D000AB8CA4 = {
						CreatedOnToolsVersion = 13.3.1;
						TestTargetID = 56B5C37F28057DA7000558AD;
					};
					56B5C37F28057DA7000558AD = {
						CreatedOnToolsVersion = 13.3;
					};
				};
			};
			buildConfigurationList = 56B5C37B28057DA7000558AD /* Build configuration list for PBXProject "CryptoMarketTest" */;
			compatibilityVersion = "Xcode 13.0";
			developmentRegion = en;
			hasScannedForEncodings = 0;
			knownRegions = (
				en,
				Base,
			);
			mainGroup = 56B5C37728057DA7000558AD;
			packageReferences = (
				56A976F3280DDF1A00ACBDCB /* XCRemoteSwiftPackageReference "Alamofire" */,
				56B4E7662BA4F00600851206 /* XCRemoteSwiftPackageReference "BackedCodable" */,
			);
			productRefGroup = 56B5C38128057DA7000558AD /* Products */;
			projectDirPath = "";
			projectReferences = (
				{
					ProductGroup = 56A9770C280DE35F00ACBDCB /* Products */;
					ProjectRef = 56A9770B280DE35F00ACBDCB /* MagicalRecord.xcodeproj */;
				},
			);
			projectRoot = "";
			targets = (
				56B5C37F28057DA7000558AD /* CryptoMarketTest */,
				56521BFD280ED5D000AB8CA4 /* CryptoMarketTestTests */,
			);
		};
/* End PBXProject section */

/* Begin PBXReferenceProxy section */
		56A9771B280DE36000ACBDCB /* MagicalRecord.framework */ = {
			isa = PBXReferenceProxy;
			fileType = wrapper.framework;
			path = MagicalRecord.framework;
			remoteRef = 56A9771A280DE36000ACBDCB /* PBXContainerItemProxy */;
			sourceTree = BUILT_PRODUCTS_DIR;
		};
		56A9771D280DE36000ACBDCB /* MagicalRecord for iOS Tests.xctest */ = {
			isa = PBXReferenceProxy;
			fileType = wrapper.cfbundle;
			path = "MagicalRecord for iOS Tests.xctest";
			remoteRef = 56A9771C280DE36000ACBDCB /* PBXContainerItemProxy */;
			sourceTree = BUILT_PRODUCTS_DIR;
		};
		56A9771F280DE36000ACBDCB /* MagicalRecord.framework */ = {
			isa = PBXReferenceProxy;
			fileType = wrapper.framework;
			path = MagicalRecord.framework;
			remoteRef = 56A9771E280DE36000ACBDCB /* PBXContainerItemProxy */;
			sourceTree = BUILT_PRODUCTS_DIR;
		};
		56A97721280DE36000ACBDCB /* MagicalRecord for OS X Tests.xctest */ = {
			isa = PBXReferenceProxy;
			fileType = wrapper.cfbundle;
			path = "MagicalRecord for OS X Tests.xctest";
			remoteRef = 56A97720280DE36000ACBDCB /* PBXContainerItemProxy */;
			sourceTree = BUILT_PRODUCTS_DIR;
		};
		56A97723280DE36000ACBDCB /* MagicalRecord.framework */ = {
			isa = PBXReferenceProxy;
			fileType = wrapper.framework;
			path = MagicalRecord.framework;
			remoteRef = 56A97722280DE36000ACBDCB /* PBXContainerItemProxy */;
			sourceTree = BUILT_PRODUCTS_DIR;
		};
		56A97725280DE36000ACBDCB /* MagicalRecord for tvOS Tests.xctest */ = {
			isa = PBXReferenceProxy;
			fileType = wrapper.cfbundle;
			path = "MagicalRecord for tvOS Tests.xctest";
			remoteRef = 56A97724280DE36000ACBDCB /* PBXContainerItemProxy */;
			sourceTree = BUILT_PRODUCTS_DIR;
		};
		56A97727280DE36000ACBDCB /* libMagicalRecord.a */ = {
			isa = PBXReferenceProxy;
			fileType = archive.ar;
			path = libMagicalRecord.a;
			remoteRef = 56A97726280DE36000ACBDCB /* PBXContainerItemProxy */;
			sourceTree = BUILT_PRODUCTS_DIR;
		};
		56A97729280DE36000ACBDCB /* libMagicalRecord for iOS Tests.xctest */ = {
			isa = PBXReferenceProxy;
			fileType = wrapper.cfbundle;
			path = "libMagicalRecord for iOS Tests.xctest";
			remoteRef = 56A97728280DE36000ACBDCB /* PBXContainerItemProxy */;
			sourceTree = BUILT_PRODUCTS_DIR;
		};
		56A9772B280DE36000ACBDCB /* libMagicalRecord.dylib */ = {
			isa = PBXReferenceProxy;
			fileType = "compiled.mach-o.dylib";
			path = libMagicalRecord.dylib;
			remoteRef = 56A9772A280DE36000ACBDCB /* PBXContainerItemProxy */;
			sourceTree = BUILT_PRODUCTS_DIR;
		};
		56A9772D280DE36000ACBDCB /* libMagicalRecord for OS X Tests.xctest */ = {
			isa = PBXReferenceProxy;
			fileType = wrapper.cfbundle;
			path = "libMagicalRecord for OS X Tests.xctest";
			remoteRef = 56A9772C280DE36000ACBDCB /* PBXContainerItemProxy */;
			sourceTree = BUILT_PRODUCTS_DIR;
		};
		56A9772F280DE36000ACBDCB /* libMagicalRecord.a */ = {
			isa = PBXReferenceProxy;
			fileType = archive.ar;
			path = libMagicalRecord.a;
			remoteRef = 56A9772E280DE36000ACBDCB /* PBXContainerItemProxy */;
			sourceTree = BUILT_PRODUCTS_DIR;
		};
		56A97731280DE36000ACBDCB /* libMagicalRecord for tvOS Tests.xctest */ = {
			isa = PBXReferenceProxy;
			fileType = wrapper.cfbundle;
			path = "libMagicalRecord for tvOS Tests.xctest";
			remoteRef = 56A97730280DE36000ACBDCB /* PBXContainerItemProxy */;
			sourceTree = BUILT_PRODUCTS_DIR;
		};
/* End PBXReferenceProxy section */

/* Begin PBXResourcesBuildPhase section */
		56521BFC280ED5D000AB8CA4 /* Resources */ = {
			isa = PBXResourcesBuildPhase;
			buildActionMask = 2147483647;
			files = (
			);
			runOnlyForDeploymentPostprocessing = 0;
		};
		56B5C37E28057DA7000558AD /* Resources */ = {
			isa = PBXResourcesBuildPhase;
			buildActionMask = 2147483647;
			files = (
				56B5C39328057DA9000558AD /* LaunchScreen.storyboard in Resources */,
				56B5C3BE28057FFD000558AD /* CurrencyItemTableViewCell.xib in Resources */,
				56B5C3BC28057FFD000558AD /* CurrencyDetailViewController.xib in Resources */,
				56B4E7572BA1003B00851206 /* CurrencySuccessResponse.json in Resources */,
				56B5C39028057DA8000558AD /* Assets.xcassets in Resources */,
				56B5C3BB28057FFD000558AD /* DetailTableViewCell.xib in Resources */,
			);
			runOnlyForDeploymentPostprocessing = 0;
		};
/* End PBXResourcesBuildPhase section */

/* Begin PBXSourcesBuildPhase section */
		56521BFA280ED5D000AB8CA4 /* Sources */ = {
			isa = PBXSourcesBuildPhase;
			buildActionMask = 2147483647;
			files = (
				56521C1B280EDF9700AB8CA4 /* Platform.swift in Sources */,
				56521C18280EDF6900AB8CA4 /* MarketAPIManager.swift in Sources */,
				56521C19280EDF6E00AB8CA4 /* ListingLatest.swift in Sources */,
				56521C1A280EDF8900AB8CA4 /* CurrencyResponse.swift in Sources */,
				56B4E6B92B9E3B9600851206 /* DatabaseServiceMock.swift in Sources */,
				56B4E6C32B9E4A0A00851206 /* CryptoMarketTestCase.swift in Sources */,
				56521C1C280EDFB100AB8CA4 /* Currency+CoreDataClass.swift in Sources */,
				56B4E6B62B9E1FF900851206 /* CurrenciesListViewModelTests.swift in Sources */,
				56B4E7502BA0D8DF00851206 /* AppDelegate.swift in Sources */,
				56B4E7542BA0DA7800851206 /* TestingAppDelegate.swift in Sources */,
				56521C17280EDF3400AB8CA4 /* DatabaseHandler.swift in Sources */,
			);
			runOnlyForDeploymentPostprocessing = 0;
		};
		56B5C37C28057DA7000558AD /* Sources */ = {
			isa = PBXSourcesBuildPhase;
			buildActionMask = 2147483647;
			files = (
				56B5C3AA28057FE9000558AD /* Platform.swift in Sources */,
				56B5C3A928057FE9000558AD /* CurrencyResponse.swift in Sources */,
				56B5C3C528058178000558AD /* Currency+CoreDataClass.swift in Sources */,
				56B5C3B928057FFD000558AD /* CurrencyDetailViewController.swift in Sources */,
				56B5C3BD28057FFD000558AD /* SearchCurrenciesResultsController.swift in Sources */,
				562F10C02BACE03400BAFDDC /* BaseViewModel.swift in Sources */,
				56B4E6D12B9E680500851206 /* CoreDataDAO.swift in Sources */,
				56B4E76B2BA4F0E100851206 /* CurrencyDTO.swift in Sources */,
				562F10AE2BAA492700BAFDDC /* Repository.swift in Sources */,
				56B5C3BA28057FFD000558AD /* DetailTableViewCell.swift in Sources */,
				56B4E6AF2B9D8FB900851206 /* DatabaseService.swift in Sources */,
				562F10C32BACE4E000BAFDDC /* DependencyInjector.swift in Sources */,
				562F10BC2BAB7E2100BAFDDC /* Router.swift in Sources */,
				56B4E6CC2B9E668600851206 /* CurrencyDAO.swift in Sources */,
				56B5C3AB28057FE9000558AD /* ListingLatest.swift in Sources */,
				56B4E6CF2B9E66D600851206 /* BaseDAO.swift in Sources */,
				56B4E74F2BA0D7D100851206 /* main.swift in Sources */,
				56B4E6B12B9D8FF200851206 /* DatabaseServiceImplementation.swift in Sources */,
				56B5C3A228057FDD000558AD /* CMTableViewCellDataModel.swift in Sources */,
				56F456AC2B9D15F000A8003A /* CurrenciesListViewModel.swift in Sources */,
				56B5C39E28057FC6000558AD /* MarketAPIManager.swift in Sources */,
				56333CF42BAE00C6007363DF /* Box.swift in Sources */,
				56B5C3C428058178000558AD /* Currency+CoreDataProperties.swift in Sources */,
				562F10BA2BAB7D3100BAFDDC /* ServiceLayer.swift in Sources */,
				56333CF72BAF8B26007363DF /* CMMapper.swift in Sources */,
				56B4E6C72B9E53A800851206 /* Storage.swift in Sources */,
				562F10C52BACEB5900BAFDDC /* SceneDelegate.swift in Sources */,
				56B5C3C028057FFD000558AD /* CurrenciesListViewController.swift in Sources */,
				562F10B42BAA4B7B00BAFDDC /* CurrencyResponseDTO.swift in Sources */,
				56B5C3BF28057FFD000558AD /* CurrencyItemTableViewCell.swift in Sources */,
				562F10BE2BAB839000BAFDDC /* CMRequestError.swift in Sources */,
				56B5C38428057DA7000558AD /* AppDelegate.swift in Sources */,
				56B5C39F28057FC6000558AD /* DatabaseHandler.swift in Sources */,
				562F10B02BAA49D500BAFDDC /* CurrencyRepository.swift in Sources */,
				56B4E6BC2B9E3DF100851206 /* CurrencyResponseSamples.swift in Sources */,
				56B4E6C92B9E541D00851206 /* CoreDataStorage.swift in Sources */,
				56B5C3A828057FE9000558AD /* DetailItem.swift in Sources */,
				56B5C38E28057DA7000558AD /* CryptoMarketTest.xcdatamodeld in Sources */,
				562F10B22BAA4AE300BAFDDC /* CurrencyService.swift in Sources */,
			);
			runOnlyForDeploymentPostprocessing = 0;
		};
/* End PBXSourcesBuildPhase section */

/* Begin PBXTargetDependency section */
		56521C03280ED5D000AB8CA4 /* PBXTargetDependency */ = {
			isa = PBXTargetDependency;
			target = 56B5C37F28057DA7000558AD /* CryptoMarketTest */;
			targetProxy = 56521C02280ED5D000AB8CA4 /* PBXContainerItemProxy */;
		};
/* End PBXTargetDependency section */

/* Begin PBXVariantGroup section */
		56B5C39128057DA9000558AD /* LaunchScreen.storyboard */ = {
			isa = PBXVariantGroup;
			children = (
				56B5C39228057DA9000558AD /* Base */,
			);
			name = LaunchScreen.storyboard;
			sourceTree = "<group>";
		};
/* End PBXVariantGroup section */

/* Begin XCBuildConfiguration section */
		56521C04280ED5D000AB8CA4 /* Debug */ = {
			isa = XCBuildConfiguration;
			buildSettings = {
				BUNDLE_LOADER = "$(TEST_HOST)";
				CODE_SIGN_STYLE = Automatic;
				CURRENT_PROJECT_VERSION = 1;
				DEVELOPMENT_TEAM = CYCS9B5KF2;
				GENERATE_INFOPLIST_FILE = YES;
				MARKETING_VERSION = 1.0;
				PRODUCT_BUNDLE_IDENTIFIER = com.tonchak.CryptoMarketTestTests;
				PRODUCT_NAME = "$(TARGET_NAME)";
				SWIFT_EMIT_LOC_STRINGS = NO;
				SWIFT_VERSION = 5.0;
				TARGETED_DEVICE_FAMILY = "1,2";
				TEST_HOST = "$(BUILT_PRODUCTS_DIR)/CryptoMarketTest.app/CryptoMarketTest";
			};
			name = Debug;
		};
		56521C05280ED5D000AB8CA4 /* Release */ = {
			isa = XCBuildConfiguration;
			buildSettings = {
				BUNDLE_LOADER = "$(TEST_HOST)";
				CODE_SIGN_STYLE = Automatic;
				CURRENT_PROJECT_VERSION = 1;
				DEVELOPMENT_TEAM = CYCS9B5KF2;
				GENERATE_INFOPLIST_FILE = YES;
				MARKETING_VERSION = 1.0;
				PRODUCT_BUNDLE_IDENTIFIER = com.tonchak.CryptoMarketTestTests;
				PRODUCT_NAME = "$(TARGET_NAME)";
				SWIFT_EMIT_LOC_STRINGS = NO;
				SWIFT_VERSION = 5.0;
				TARGETED_DEVICE_FAMILY = "1,2";
				TEST_HOST = "$(BUILT_PRODUCTS_DIR)/CryptoMarketTest.app/CryptoMarketTest";
			};
			name = Release;
		};
		56B5C39528057DA9000558AD /* Debug */ = {
			isa = XCBuildConfiguration;
			buildSettings = {
				ALWAYS_SEARCH_USER_PATHS = NO;
				CLANG_ANALYZER_NONNULL = YES;
				CLANG_ANALYZER_NUMBER_OBJECT_CONVERSION = YES_AGGRESSIVE;
				CLANG_CXX_LANGUAGE_STANDARD = "gnu++17";
				CLANG_ENABLE_MODULES = YES;
				CLANG_ENABLE_OBJC_ARC = YES;
				CLANG_ENABLE_OBJC_WEAK = YES;
				CLANG_WARN_BLOCK_CAPTURE_AUTORELEASING = YES;
				CLANG_WARN_BOOL_CONVERSION = YES;
				CLANG_WARN_COMMA = YES;
				CLANG_WARN_CONSTANT_CONVERSION = YES;
				CLANG_WARN_DEPRECATED_OBJC_IMPLEMENTATIONS = YES;
				CLANG_WARN_DIRECT_OBJC_ISA_USAGE = YES_ERROR;
				CLANG_WARN_DOCUMENTATION_COMMENTS = YES;
				CLANG_WARN_EMPTY_BODY = YES;
				CLANG_WARN_ENUM_CONVERSION = YES;
				CLANG_WARN_INFINITE_RECURSION = YES;
				CLANG_WARN_INT_CONVERSION = YES;
				CLANG_WARN_NON_LITERAL_NULL_CONVERSION = YES;
				CLANG_WARN_OBJC_IMPLICIT_RETAIN_SELF = YES;
				CLANG_WARN_OBJC_LITERAL_CONVERSION = YES;
				CLANG_WARN_OBJC_ROOT_CLASS = YES_ERROR;
				CLANG_WARN_QUOTED_INCLUDE_IN_FRAMEWORK_HEADER = YES;
				CLANG_WARN_RANGE_LOOP_ANALYSIS = YES;
				CLANG_WARN_STRICT_PROTOTYPES = YES;
				CLANG_WARN_SUSPICIOUS_MOVE = YES;
				CLANG_WARN_UNGUARDED_AVAILABILITY = YES_AGGRESSIVE;
				CLANG_WARN_UNREACHABLE_CODE = YES;
				CLANG_WARN__DUPLICATE_METHOD_MATCH = YES;
				COPY_PHASE_STRIP = NO;
				DEBUG_INFORMATION_FORMAT = dwarf;
				ENABLE_STRICT_OBJC_MSGSEND = YES;
				ENABLE_TESTABILITY = YES;
				GCC_C_LANGUAGE_STANDARD = gnu11;
				GCC_DYNAMIC_NO_PIC = NO;
				GCC_NO_COMMON_BLOCKS = YES;
				GCC_OPTIMIZATION_LEVEL = 0;
				GCC_PREPROCESSOR_DEFINITIONS = (
					"DEBUG=1",
					"$(inherited)",
				);
				GCC_WARN_64_TO_32_BIT_CONVERSION = YES;
				GCC_WARN_ABOUT_RETURN_TYPE = YES_ERROR;
				GCC_WARN_UNDECLARED_SELECTOR = YES;
				GCC_WARN_UNINITIALIZED_AUTOS = YES_AGGRESSIVE;
				GCC_WARN_UNUSED_FUNCTION = YES;
				GCC_WARN_UNUSED_VARIABLE = YES;
				IPHONEOS_DEPLOYMENT_TARGET = 15.4;
				MTL_ENABLE_DEBUG_INFO = INCLUDE_SOURCE;
				MTL_FAST_MATH = YES;
				ONLY_ACTIVE_ARCH = YES;
				SDKROOT = iphoneos;
				SWIFT_ACTIVE_COMPILATION_CONDITIONS = DEBUG;
				SWIFT_OPTIMIZATION_LEVEL = "-Onone";
			};
			name = Debug;
		};
		56B5C39628057DA9000558AD /* Release */ = {
			isa = XCBuildConfiguration;
			buildSettings = {
				ALWAYS_SEARCH_USER_PATHS = NO;
				CLANG_ANALYZER_NONNULL = YES;
				CLANG_ANALYZER_NUMBER_OBJECT_CONVERSION = YES_AGGRESSIVE;
				CLANG_CXX_LANGUAGE_STANDARD = "gnu++17";
				CLANG_ENABLE_MODULES = YES;
				CLANG_ENABLE_OBJC_ARC = YES;
				CLANG_ENABLE_OBJC_WEAK = YES;
				CLANG_WARN_BLOCK_CAPTURE_AUTORELEASING = YES;
				CLANG_WARN_BOOL_CONVERSION = YES;
				CLANG_WARN_COMMA = YES;
				CLANG_WARN_CONSTANT_CONVERSION = YES;
				CLANG_WARN_DEPRECATED_OBJC_IMPLEMENTATIONS = YES;
				CLANG_WARN_DIRECT_OBJC_ISA_USAGE = YES_ERROR;
				CLANG_WARN_DOCUMENTATION_COMMENTS = YES;
				CLANG_WARN_EMPTY_BODY = YES;
				CLANG_WARN_ENUM_CONVERSION = YES;
				CLANG_WARN_INFINITE_RECURSION = YES;
				CLANG_WARN_INT_CONVERSION = YES;
				CLANG_WARN_NON_LITERAL_NULL_CONVERSION = YES;
				CLANG_WARN_OBJC_IMPLICIT_RETAIN_SELF = YES;
				CLANG_WARN_OBJC_LITERAL_CONVERSION = YES;
				CLANG_WARN_OBJC_ROOT_CLASS = YES_ERROR;
				CLANG_WARN_QUOTED_INCLUDE_IN_FRAMEWORK_HEADER = YES;
				CLANG_WARN_RANGE_LOOP_ANALYSIS = YES;
				CLANG_WARN_STRICT_PROTOTYPES = YES;
				CLANG_WARN_SUSPICIOUS_MOVE = YES;
				CLANG_WARN_UNGUARDED_AVAILABILITY = YES_AGGRESSIVE;
				CLANG_WARN_UNREACHABLE_CODE = YES;
				CLANG_WARN__DUPLICATE_METHOD_MATCH = YES;
				COPY_PHASE_STRIP = NO;
				DEBUG_INFORMATION_FORMAT = "dwarf-with-dsym";
				ENABLE_NS_ASSERTIONS = NO;
				ENABLE_STRICT_OBJC_MSGSEND = YES;
				GCC_C_LANGUAGE_STANDARD = gnu11;
				GCC_NO_COMMON_BLOCKS = YES;
				GCC_WARN_64_TO_32_BIT_CONVERSION = YES;
				GCC_WARN_ABOUT_RETURN_TYPE = YES_ERROR;
				GCC_WARN_UNDECLARED_SELECTOR = YES;
				GCC_WARN_UNINITIALIZED_AUTOS = YES_AGGRESSIVE;
				GCC_WARN_UNUSED_FUNCTION = YES;
				GCC_WARN_UNUSED_VARIABLE = YES;
				IPHONEOS_DEPLOYMENT_TARGET = 15.4;
				MTL_ENABLE_DEBUG_INFO = NO;
				MTL_FAST_MATH = YES;
				SDKROOT = iphoneos;
				SWIFT_COMPILATION_MODE = wholemodule;
				SWIFT_OPTIMIZATION_LEVEL = "-O";
				VALIDATE_PRODUCT = YES;
			};
			name = Release;
		};
		56B5C39828057DA9000558AD /* Debug */ = {
			isa = XCBuildConfiguration;
			buildSettings = {
				ASSETCATALOG_COMPILER_APPICON_NAME = AppIcon;
				ASSETCATALOG_COMPILER_GLOBAL_ACCENT_COLOR_NAME = AccentColor;
				CODE_SIGN_STYLE = Automatic;
				CURRENT_PROJECT_VERSION = 1;
				DEVELOPMENT_TEAM = CYCS9B5KF2;
				GENERATE_INFOPLIST_FILE = YES;
				INFOPLIST_FILE = CryptoMarketTest/Info.plist;
				INFOPLIST_KEY_UIApplicationSupportsIndirectInputEvents = YES;
				INFOPLIST_KEY_UILaunchStoryboardName = LaunchScreen;
				INFOPLIST_KEY_UISupportedInterfaceOrientations_iPad = "UIInterfaceOrientationPortrait UIInterfaceOrientationPortraitUpsideDown UIInterfaceOrientationLandscapeLeft UIInterfaceOrientationLandscapeRight";
				INFOPLIST_KEY_UISupportedInterfaceOrientations_iPhone = "UIInterfaceOrientationPortrait UIInterfaceOrientationLandscapeLeft UIInterfaceOrientationLandscapeRight";
				IPHONEOS_DEPLOYMENT_TARGET = 15.4;
				LD_RUNPATH_SEARCH_PATHS = (
					"$(inherited)",
					"@executable_path/Frameworks",
				);
				MARKETING_VERSION = 1.0;
				PRODUCT_BUNDLE_IDENTIFIER = com.tonchak.CryptoMarketTest;
				PRODUCT_NAME = "$(TARGET_NAME)";
				SWIFT_EMIT_LOC_STRINGS = YES;
				SWIFT_VERSION = 5.0;
				TARGETED_DEVICE_FAMILY = "1,2";
			};
			name = Debug;
		};
		56B5C39928057DA9000558AD /* Release */ = {
			isa = XCBuildConfiguration;
			buildSettings = {
				ASSETCATALOG_COMPILER_APPICON_NAME = AppIcon;
				ASSETCATALOG_COMPILER_GLOBAL_ACCENT_COLOR_NAME = AccentColor;
				CODE_SIGN_STYLE = Automatic;
				CURRENT_PROJECT_VERSION = 1;
				DEVELOPMENT_TEAM = CYCS9B5KF2;
				GENERATE_INFOPLIST_FILE = YES;
				INFOPLIST_FILE = CryptoMarketTest/Info.plist;
				INFOPLIST_KEY_UIApplicationSupportsIndirectInputEvents = YES;
				INFOPLIST_KEY_UILaunchStoryboardName = LaunchScreen;
				INFOPLIST_KEY_UISupportedInterfaceOrientations_iPad = "UIInterfaceOrientationPortrait UIInterfaceOrientationPortraitUpsideDown UIInterfaceOrientationLandscapeLeft UIInterfaceOrientationLandscapeRight";
				INFOPLIST_KEY_UISupportedInterfaceOrientations_iPhone = "UIInterfaceOrientationPortrait UIInterfaceOrientationLandscapeLeft UIInterfaceOrientationLandscapeRight";
				IPHONEOS_DEPLOYMENT_TARGET = 15.4;
				LD_RUNPATH_SEARCH_PATHS = (
					"$(inherited)",
					"@executable_path/Frameworks",
				);
				MARKETING_VERSION = 1.0;
				PRODUCT_BUNDLE_IDENTIFIER = com.tonchak.CryptoMarketTest;
				PRODUCT_NAME = "$(TARGET_NAME)";
				SWIFT_EMIT_LOC_STRINGS = YES;
				SWIFT_VERSION = 5.0;
				TARGETED_DEVICE_FAMILY = "1,2";
			};
			name = Release;
		};
/* End XCBuildConfiguration section */

/* Begin XCConfigurationList section */
		56521C12280ED5D000AB8CA4 /* Build configuration list for PBXNativeTarget "CryptoMarketTestTests" */ = {
			isa = XCConfigurationList;
			buildConfigurations = (
				56521C04280ED5D000AB8CA4 /* Debug */,
				56521C05280ED5D000AB8CA4 /* Release */,
			);
			defaultConfigurationIsVisible = 0;
			defaultConfigurationName = Release;
		};
		56B5C37B28057DA7000558AD /* Build configuration list for PBXProject "CryptoMarketTest" */ = {
			isa = XCConfigurationList;
			buildConfigurations = (
				56B5C39528057DA9000558AD /* Debug */,
				56B5C39628057DA9000558AD /* Release */,
			);
			defaultConfigurationIsVisible = 0;
			defaultConfigurationName = Release;
		};
		56B5C39728057DA9000558AD /* Build configuration list for PBXNativeTarget "CryptoMarketTest" */ = {
			isa = XCConfigurationList;
			buildConfigurations = (
				56B5C39828057DA9000558AD /* Debug */,
				56B5C39928057DA9000558AD /* Release */,
			);
			defaultConfigurationIsVisible = 0;
			defaultConfigurationName = Release;
		};
/* End XCConfigurationList section */

/* Begin XCRemoteSwiftPackageReference section */
		56A976F3280DDF1A00ACBDCB /* XCRemoteSwiftPackageReference "Alamofire" */ = {
			isa = XCRemoteSwiftPackageReference;
			repositoryURL = "https://github.com/Alamofire/Alamofire.git";
			requirement = {
				kind = versionRange;
				maximumVersion = 5.1.0;
				minimumVersion = 5.0.0;
			};
		};
		56B4E7662BA4F00600851206 /* XCRemoteSwiftPackageReference "BackedCodable" */ = {
			isa = XCRemoteSwiftPackageReference;
			repositoryURL = "https://github.com/jegnux/BackedCodable";
			requirement = {
				kind = upToNextMajorVersion;
				minimumVersion = 0.1.1;
			};
		};
/* End XCRemoteSwiftPackageReference section */

/* Begin XCSwiftPackageProductDependency section */
		56A976F4280DDF1A00ACBDCB /* Alamofire */ = {
			isa = XCSwiftPackageProductDependency;
			package = 56A976F3280DDF1A00ACBDCB /* XCRemoteSwiftPackageReference "Alamofire" */;
			productName = Alamofire;
		};
		56B4E7672BA4F00600851206 /* BackedCodable */ = {
			isa = XCSwiftPackageProductDependency;
			package = 56B4E7662BA4F00600851206 /* XCRemoteSwiftPackageReference "BackedCodable" */;
			productName = BackedCodable;
		};
/* End XCSwiftPackageProductDependency section */

/* Begin XCVersionGroup section */
		56B5C38C28057DA7000558AD /* CryptoMarketTest.xcdatamodeld */ = {
			isa = XCVersionGroup;
			children = (
				56B5C38D28057DA7000558AD /* CryptoMarketTest.xcdatamodel */,
			);
			currentVersion = 56B5C38D28057DA7000558AD /* CryptoMarketTest.xcdatamodel */;
			path = CryptoMarketTest.xcdatamodeld;
			sourceTree = "<group>";
			versionGroupType = wrapper.xcdatamodel;
		};
/* End XCVersionGroup section */
	};
	rootObject = 56B5C37828057DA7000558AD /* Project object */;
}
