// !$*UTF8*$!
{
	archiveVersion = 1;
	classes = {
	};
	objectVersion = 55;
	objects = {

/* Begin PBXBuildFile section */
		56038B5027FAF58400F74B78 /* MarketAPIManager.swift in Sources */ = {isa = PBXBuildFile; fileRef = 56038B4F27FAF58400F74B78 /* MarketAPIManager.swift */; };
		56038B5727FB31A800F74B78 /* CurrencyResponse.swift in Sources */ = {isa = PBXBuildFile; fileRef = 56038B5627FB31A800F74B78 /* CurrencyResponse.swift */; };
		56038B5927FC1B3400F74B78 /* Platform.swift in Sources */ = {isa = PBXBuildFile; fileRef = 56038B5827FC1B3400F74B78 /* Platform.swift */; };
		56038B5B27FC6A9D00F74B78 /* ListingLatest.swift in Sources */ = {isa = PBXBuildFile; fileRef = 56038B5A27FC6A9D00F74B78 /* ListingLatest.swift */; };
		56126DFE27FCD9EB00DB0E26 /* CurrencyDetailViewController.swift in Sources */ = {isa = PBXBuildFile; fileRef = 56126DFC27FCD9EB00DB0E26 /* CurrencyDetailViewController.swift */; };
		56126DFF27FCD9EB00DB0E26 /* CurrencyDetailViewController.xib in Resources */ = {isa = PBXBuildFile; fileRef = 56126DFD27FCD9EB00DB0E26 /* CurrencyDetailViewController.xib */; };
		5628F27A27F5BF2F009EA147 /* AppDelegate.swift in Sources */ = {isa = PBXBuildFile; fileRef = 5628F27927F5BF2F009EA147 /* AppDelegate.swift */; };
		5628F27C27F5BF2F009EA147 /* SceneDelegate.swift in Sources */ = {isa = PBXBuildFile; fileRef = 5628F27B27F5BF2F009EA147 /* SceneDelegate.swift */; };
		5628F28427F5BF2F009EA147 /* CryptoMarket.xcdatamodeld in Sources */ = {isa = PBXBuildFile; fileRef = 5628F28227F5BF2F009EA147 /* CryptoMarket.xcdatamodeld */; };
		5628F28627F5BF31009EA147 /* Assets.xcassets in Resources */ = {isa = PBXBuildFile; fileRef = 5628F28527F5BF31009EA147 /* Assets.xcassets */; };
		5628F28927F5BF31009EA147 /* LaunchScreen.storyboard in Resources */ = {isa = PBXBuildFile; fileRef = 5628F28727F5BF31009EA147 /* LaunchScreen.storyboard */; };
		5628F29827F618FA009EA147 /* CurrencyItemTableViewCell.swift in Sources */ = {isa = PBXBuildFile; fileRef = 5628F29627F618FA009EA147 /* CurrencyItemTableViewCell.swift */; };
		5628F29927F618FA009EA147 /* CurrencyItemTableViewCell.xib in Resources */ = {isa = PBXBuildFile; fileRef = 5628F29727F618FA009EA147 /* CurrencyItemTableViewCell.xib */; };
		5628F29B27F61A49009EA147 /* CurrenciesListTableViewController.swift in Sources */ = {isa = PBXBuildFile; fileRef = 5628F29A27F61A49009EA147 /* CurrenciesListTableViewController.swift */; };
		56D7758F27FE2FC30085A692 /* Currency+CoreDataClass.swift in Sources */ = {isa = PBXBuildFile; fileRef = 56D7758D27FE2FC30085A692 /* Currency+CoreDataClass.swift */; };
		56D7759027FE2FC30085A692 /* Currency+CoreDataProperties.swift in Sources */ = {isa = PBXBuildFile; fileRef = 56D7758E27FE2FC30085A692 /* Currency+CoreDataProperties.swift */; };
		56D7759527FE3A950085A692 /* DatabaseHandler.swift in Sources */ = {isa = PBXBuildFile; fileRef = 56D7759427FE3A950085A692 /* DatabaseHandler.swift */; };
		56D7759E27FEEEBD0085A692 /* CMTableViewCellDataModel.swift in Sources */ = {isa = PBXBuildFile; fileRef = 56D7759D27FEEEBD0085A692 /* CMTableViewCellDataModel.swift */; };
		56D775A427FF79220085A692 /* SearchCurrenciesResultsController.swift in Sources */ = {isa = PBXBuildFile; fileRef = 56D775A327FF79220085A692 /* SearchCurrenciesResultsController.swift */; };
		56D775A8280014F90085A692 /* DetailTableViewCell.swift in Sources */ = {isa = PBXBuildFile; fileRef = 56D775A6280014F90085A692 /* DetailTableViewCell.swift */; };
		56D775A9280014F90085A692 /* DetailTableViewCell.xib in Resources */ = {isa = PBXBuildFile; fileRef = 56D775A7280014F90085A692 /* DetailTableViewCell.xib */; };
		56D775AB280021770085A692 /* DetailItem.swift in Sources */ = {isa = PBXBuildFile; fileRef = 56D775AA280021770085A692 /* DetailItem.swift */; };
/* End PBXBuildFile section */

/* Begin PBXContainerItemProxy section */
		56BBAC822805AF6100926258 /* PBXContainerItemProxy */ = {
			isa = PBXContainerItemProxy;
			containerPortal = 56BBAC772805AF6100926258 /* Alamofire.xcodeproj */;
			proxyType = 2;
			remoteGlobalIDString = F8111E3319A95C8B0040E7D1;
			remoteInfo = "Alamofire iOS";
		};
		56BBAC842805AF6100926258 /* PBXContainerItemProxy */ = {
			isa = PBXContainerItemProxy;
			containerPortal = 56BBAC772805AF6100926258 /* Alamofire.xcodeproj */;
			proxyType = 2;
			remoteGlobalIDString = F8111E3E19A95C8B0040E7D1;
			remoteInfo = "Alamofire iOS Tests";
		};
		56BBAC862805AF6100926258 /* PBXContainerItemProxy */ = {
			isa = PBXContainerItemProxy;
			containerPortal = 56BBAC772805AF6100926258 /* Alamofire.xcodeproj */;
			proxyType = 2;
			remoteGlobalIDString = 4DD67C0B1A5C55C900ED2280;
			remoteInfo = "Alamofire macOS";
		};
		56BBAC882805AF6100926258 /* PBXContainerItemProxy */ = {
			isa = PBXContainerItemProxy;
			containerPortal = 56BBAC772805AF6100926258 /* Alamofire.xcodeproj */;
			proxyType = 2;
			remoteGlobalIDString = F829C6B21A7A94F100A2CD59;
			remoteInfo = "Alamofire macOS Tests";
		};
		56BBAC8A2805AF6100926258 /* PBXContainerItemProxy */ = {
			isa = PBXContainerItemProxy;
			containerPortal = 56BBAC772805AF6100926258 /* Alamofire.xcodeproj */;
			proxyType = 2;
			remoteGlobalIDString = 4CF626EF1BA7CB3E0011A099;
			remoteInfo = "Alamofire tvOS";
		};
		56BBAC8C2805AF6100926258 /* PBXContainerItemProxy */ = {
			isa = PBXContainerItemProxy;
			containerPortal = 56BBAC772805AF6100926258 /* Alamofire.xcodeproj */;
			proxyType = 2;
			remoteGlobalIDString = 4CF626F81BA7CB3E0011A099;
			remoteInfo = "Alamofire tvOS Tests";
		};
		56BBAC8E2805AF6100926258 /* PBXContainerItemProxy */ = {
			isa = PBXContainerItemProxy;
			containerPortal = 56BBAC772805AF6100926258 /* Alamofire.xcodeproj */;
			proxyType = 2;
			remoteGlobalIDString = E4202FE01B667AA100C997FB;
			remoteInfo = "Alamofire watchOS";
		};
		56BBAC902805AF6100926258 /* PBXContainerItemProxy */ = {
			isa = PBXContainerItemProxy;
			containerPortal = 56BBAC772805AF6100926258 /* Alamofire.xcodeproj */;
			proxyType = 2;
			remoteGlobalIDString = 31293065263E17D600473CEA;
			remoteInfo = "Alamofire watchOS Tests";
		};
		56BBACA12805AF6800926258 /* PBXContainerItemProxy */ = {
			isa = PBXContainerItemProxy;
			containerPortal = 56BBAC922805AF6800926258 /* MagicalRecord.xcodeproj */;
			proxyType = 2;
			remoteGlobalIDString = 905D07181A63DE190076B54E;
			remoteInfo = "MagicalRecord for iOS";
		};
		56BBACA32805AF6800926258 /* PBXContainerItemProxy */ = {
			isa = PBXContainerItemProxy;
			containerPortal = 56BBAC922805AF6800926258 /* MagicalRecord.xcodeproj */;
			proxyType = 2;
			remoteGlobalIDString = 9004F5211A94CBCF00A61312;
			remoteInfo = "MagicalRecord for iOS Tests";
		};
		56BBACA52805AF6800926258 /* PBXContainerItemProxy */ = {
			isa = PBXContainerItemProxy;
			containerPortal = 56BBAC922805AF6800926258 /* MagicalRecord.xcodeproj */;
			proxyType = 2;
			remoteGlobalIDString = 905D073B1A63DE690076B54E;
			remoteInfo = "MagicalRecord for OS X";
		};
		56BBACA72805AF6800926258 /* PBXContainerItemProxy */ = {
			isa = PBXContainerItemProxy;
			containerPortal = 56BBAC922805AF6800926258 /* MagicalRecord.xcodeproj */;
			proxyType = 2;
			remoteGlobalIDString = 9004F5661A94CBF900A61312;
			remoteInfo = "MagicalRecord for OS X Tests";
		};
		56BBACA92805AF6800926258 /* PBXContainerItemProxy */ = {
			isa = PBXContainerItemProxy;
			containerPortal = 56BBAC922805AF6800926258 /* MagicalRecord.xcodeproj */;
			proxyType = 2;
			remoteGlobalIDString = 37CA2607229FEB7000EAB9F6;
			remoteInfo = "MagicalRecord for tvOS";
		};
		56BBACAB2805AF6800926258 /* PBXContainerItemProxy */ = {
			isa = PBXContainerItemProxy;
			containerPortal = 56BBAC922805AF6800926258 /* MagicalRecord.xcodeproj */;
			proxyType = 2;
			remoteGlobalIDString = 37CA260F229FEB7000EAB9F6;
			remoteInfo = "MagicalRecord for tvOS Tests";
		};
		56BBACAD2805AF6800926258 /* PBXContainerItemProxy */ = {
			isa = PBXContainerItemProxy;
			containerPortal = 56BBAC922805AF6800926258 /* MagicalRecord.xcodeproj */;
			proxyType = 2;
			remoteGlobalIDString = C7CF97AB17498414008D9D13;
			remoteInfo = "libMagicalRecord for iOS";
		};
		56BBACAF2805AF6800926258 /* PBXContainerItemProxy */ = {
			isa = PBXContainerItemProxy;
			containerPortal = 56BBAC922805AF6800926258 /* MagicalRecord.xcodeproj */;
			proxyType = 2;
			remoteGlobalIDString = C7CF97FF174984CA008D9D13;
			remoteInfo = "libMagicalRecord for iOS Tests";
		};
		56BBACB12805AF6800926258 /* PBXContainerItemProxy */ = {
			isa = PBXContainerItemProxy;
			containerPortal = 56BBAC922805AF6800926258 /* MagicalRecord.xcodeproj */;
			proxyType = 2;
			remoteGlobalIDString = C7CF97BB1749843F008D9D13;
			remoteInfo = "libMagicalRecord for OS X";
		};
		56BBACB32805AF6800926258 /* PBXContainerItemProxy */ = {
			isa = PBXContainerItemProxy;
			containerPortal = 56BBAC922805AF6800926258 /* MagicalRecord.xcodeproj */;
			proxyType = 2;
			remoteGlobalIDString = C7CF9816174984E4008D9D13;
			remoteInfo = "libMagicalRecord for OS X Tests";
		};
		56BBACB52805AF6800926258 /* PBXContainerItemProxy */ = {
			isa = PBXContainerItemProxy;
			containerPortal = 56BBAC922805AF6800926258 /* MagicalRecord.xcodeproj */;
			proxyType = 2;
			remoteGlobalIDString = 3790044922BB51880087D3FC;
			remoteInfo = "libMagicalRecord for tvOS";
		};
		56BBACB72805AF6800926258 /* PBXContainerItemProxy */ = {
			isa = PBXContainerItemProxy;
			containerPortal = 56BBAC922805AF6800926258 /* MagicalRecord.xcodeproj */;
			proxyType = 2;
			remoteGlobalIDString = 3790045622BB51DD0087D3FC;
			remoteInfo = "libMagicalRecord for tvOS Tests";
		};
/* End PBXContainerItemProxy section */

/* Begin PBXCopyFilesBuildPhase section */
		563B41B22805AD9F00E5C0FB /* Embed Frameworks */ = {
			isa = PBXCopyFilesBuildPhase;
			buildActionMask = 2147483647;
			dstPath = "";
			dstSubfolderSpec = 10;
			files = (
			);
			name = "Embed Frameworks";
			runOnlyForDeploymentPostprocessing = 0;
		};
/* End PBXCopyFilesBuildPhase section */

/* Begin PBXFileReference section */
		56038B4F27FAF58400F74B78 /* MarketAPIManager.swift */ = {isa = PBXFileReference; lastKnownFileType = sourcecode.swift; path = MarketAPIManager.swift; sourceTree = "<group>"; };
		56038B5627FB31A800F74B78 /* CurrencyResponse.swift */ = {isa = PBXFileReference; lastKnownFileType = sourcecode.swift; path = CurrencyResponse.swift; sourceTree = "<group>"; };
		56038B5827FC1B3400F74B78 /* Platform.swift */ = {isa = PBXFileReference; lastKnownFileType = sourcecode.swift; path = Platform.swift; sourceTree = "<group>"; };
		56038B5A27FC6A9D00F74B78 /* ListingLatest.swift */ = {isa = PBXFileReference; lastKnownFileType = sourcecode.swift; path = ListingLatest.swift; sourceTree = "<group>"; };
		56126DFC27FCD9EB00DB0E26 /* CurrencyDetailViewController.swift */ = {isa = PBXFileReference; lastKnownFileType = sourcecode.swift; path = CurrencyDetailViewController.swift; sourceTree = "<group>"; };
		56126DFD27FCD9EB00DB0E26 /* CurrencyDetailViewController.xib */ = {isa = PBXFileReference; lastKnownFileType = file.xib; path = CurrencyDetailViewController.xib; sourceTree = "<group>"; };
		5628F27627F5BF2F009EA147 /* CryptoMarket.app */ = {isa = PBXFileReference; explicitFileType = wrapper.application; includeInIndex = 0; path = CryptoMarket.app; sourceTree = BUILT_PRODUCTS_DIR; };
		5628F27927F5BF2F009EA147 /* AppDelegate.swift */ = {isa = PBXFileReference; lastKnownFileType = sourcecode.swift; path = AppDelegate.swift; sourceTree = "<group>"; };
		5628F27B27F5BF2F009EA147 /* SceneDelegate.swift */ = {isa = PBXFileReference; lastKnownFileType = sourcecode.swift; path = SceneDelegate.swift; sourceTree = "<group>"; };
		5628F28327F5BF2F009EA147 /* CryptoMarket.xcdatamodel */ = {isa = PBXFileReference; lastKnownFileType = wrapper.xcdatamodel; path = CryptoMarket.xcdatamodel; sourceTree = "<group>"; };
		5628F28527F5BF31009EA147 /* Assets.xcassets */ = {isa = PBXFileReference; lastKnownFileType = folder.assetcatalog; path = Assets.xcassets; sourceTree = "<group>"; };
		5628F28827F5BF31009EA147 /* Base */ = {isa = PBXFileReference; lastKnownFileType = file.storyboard; name = Base; path = Base.lproj/LaunchScreen.storyboard; sourceTree = "<group>"; };
		5628F28A27F5BF31009EA147 /* Info.plist */ = {isa = PBXFileReference; lastKnownFileType = text.plist.xml; path = Info.plist; sourceTree = "<group>"; };
		5628F29627F618FA009EA147 /* CurrencyItemTableViewCell.swift */ = {isa = PBXFileReference; lastKnownFileType = sourcecode.swift; path = CurrencyItemTableViewCell.swift; sourceTree = "<group>"; };
		5628F29727F618FA009EA147 /* CurrencyItemTableViewCell.xib */ = {isa = PBXFileReference; lastKnownFileType = file.xib; path = CurrencyItemTableViewCell.xib; sourceTree = "<group>"; };
		5628F29A27F61A49009EA147 /* CurrenciesListTableViewController.swift */ = {isa = PBXFileReference; lastKnownFileType = sourcecode.swift; path = CurrenciesListTableViewController.swift; sourceTree = "<group>"; };
		56BBAC772805AF6100926258 /* Alamofire.xcodeproj */ = {isa = PBXFileReference; lastKnownFileType = "wrapper.pb-project"; name = Alamofire.xcodeproj; path = CryptoMarket/Alamofire/Alamofire.xcodeproj; sourceTree = "<group>"; };
		56BBAC922805AF6800926258 /* MagicalRecord.xcodeproj */ = {isa = PBXFileReference; lastKnownFileType = "wrapper.pb-project"; name = MagicalRecord.xcodeproj; path = CryptoMarket/Vendor/MagicalRecord/MagicalRecord.xcodeproj; sourceTree = "<group>"; };
		56D7758D27FE2FC30085A692 /* Currency+CoreDataClass.swift */ = {isa = PBXFileReference; lastKnownFileType = sourcecode.swift; path = "Currency+CoreDataClass.swift"; sourceTree = SOURCE_ROOT; };
		56D7758E27FE2FC30085A692 /* Currency+CoreDataProperties.swift */ = {isa = PBXFileReference; lastKnownFileType = sourcecode.swift; path = "Currency+CoreDataProperties.swift"; sourceTree = SOURCE_ROOT; };
		56D7759427FE3A950085A692 /* DatabaseHandler.swift */ = {isa = PBXFileReference; lastKnownFileType = sourcecode.swift; path = DatabaseHandler.swift; sourceTree = "<group>"; };
		56D7759D27FEEEBD0085A692 /* CMTableViewCellDataModel.swift */ = {isa = PBXFileReference; lastKnownFileType = sourcecode.swift; path = CMTableViewCellDataModel.swift; sourceTree = "<group>"; };
		56D775A327FF79220085A692 /* SearchCurrenciesResultsController.swift */ = {isa = PBXFileReference; lastKnownFileType = sourcecode.swift; path = SearchCurrenciesResultsController.swift; sourceTree = "<group>"; };
		56D775A6280014F90085A692 /* DetailTableViewCell.swift */ = {isa = PBXFileReference; lastKnownFileType = sourcecode.swift; path = DetailTableViewCell.swift; sourceTree = "<group>"; };
		56D775A7280014F90085A692 /* DetailTableViewCell.xib */ = {isa = PBXFileReference; lastKnownFileType = file.xib; path = DetailTableViewCell.xib; sourceTree = "<group>"; };
		56D775AA280021770085A692 /* DetailItem.swift */ = {isa = PBXFileReference; lastKnownFileType = sourcecode.swift; path = DetailItem.swift; sourceTree = "<group>"; };
/* End PBXFileReference section */

/* Begin PBXFrameworksBuildPhase section */
		5628F27327F5BF2F009EA147 /* Frameworks */ = {
			isa = PBXFrameworksBuildPhase;
			buildActionMask = 2147483647;
			files = (
			);
			runOnlyForDeploymentPostprocessing = 0;
		};
/* End PBXFrameworksBuildPhase section */

/* Begin PBXGroup section */
		244ABF2A1A8C9AF7EAD6DF79 /* Frameworks */ = {
			isa = PBXGroup;
			children = (
			);
			name = Frameworks;
			sourceTree = "<group>";
		};
		56038B4927FAD7E000F74B78 /* Managers */ = {
			isa = PBXGroup;
			children = (
				56038B4A27FAE7AC00F74B78 /* CoinAPIManager */,
				56D7759427FE3A950085A692 /* DatabaseHandler.swift */,
			);
			path = Managers;
			sourceTree = "<group>";
		};
		56038B4A27FAE7AC00F74B78 /* CoinAPIManager */ = {
			isa = PBXGroup;
			children = (
				56038B4F27FAF58400F74B78 /* MarketAPIManager.swift */,
			);
			path = CoinAPIManager;
			sourceTree = "<group>";
		};
		56126DFA27FCCFB600DB0E26 /* Structures */ = {
			isa = PBXGroup;
			children = (
				56038B5627FB31A800F74B78 /* CurrencyResponse.swift */,
				56038B5827FC1B3400F74B78 /* Platform.swift */,
				56038B5A27FC6A9D00F74B78 /* ListingLatest.swift */,
				56D775AA280021770085A692 /* DetailItem.swift */,
			);
			path = Structures;
			sourceTree = "<group>";
		};
		56126DFB27FCD1DB00DB0E26 /* DetailScreen */ = {
			isa = PBXGroup;
			children = (
				56D775A5280014C10085A692 /* TableView Cells */,
				56126DFC27FCD9EB00DB0E26 /* CurrencyDetailViewController.swift */,
				56126DFD27FCD9EB00DB0E26 /* CurrencyDetailViewController.xib */,
			);
			path = DetailScreen;
			sourceTree = "<group>";
		};
		5628F26D27F5BF2F009EA147 = {
			isa = PBXGroup;
			children = (
				56BBAC922805AF6800926258 /* MagicalRecord.xcodeproj */,
				56BBAC772805AF6100926258 /* Alamofire.xcodeproj */,
				5628F27827F5BF2F009EA147 /* CryptoMarket */,
				5628F27727F5BF2F009EA147 /* Products */,
				244ABF2A1A8C9AF7EAD6DF79 /* Frameworks */,
			);
			sourceTree = "<group>";
		};
		5628F27727F5BF2F009EA147 /* Products */ = {
			isa = PBXGroup;
			children = (
				5628F27627F5BF2F009EA147 /* CryptoMarket.app */,
			);
			name = Products;
			sourceTree = "<group>";
		};
		5628F27827F5BF2F009EA147 /* CryptoMarket */ = {
			isa = PBXGroup;
			children = (
				56038B4927FAD7E000F74B78 /* Managers */,
				56126DFA27FCCFB600DB0E26 /* Structures */,
				56D7759C27FEED830085A692 /* Models */,
				5628F29327F615A4009EA147 /* Scenes */,
				5628F29127F5BFEF009EA147 /* Resources */,
				56D7758C27FE2F990085A692 /* Database */,
				5628F29027F5BFE5009EA147 /* Assets */,
				5628F27927F5BF2F009EA147 /* AppDelegate.swift */,
				5628F27B27F5BF2F009EA147 /* SceneDelegate.swift */,
				5628F28727F5BF31009EA147 /* LaunchScreen.storyboard */,
				5628F28A27F5BF31009EA147 /* Info.plist */,
			);
			path = CryptoMarket;
			sourceTree = "<group>";
		};
		5628F29027F5BFE5009EA147 /* Assets */ = {
			isa = PBXGroup;
			children = (
				5628F28527F5BF31009EA147 /* Assets.xcassets */,
			);
			path = Assets;
			sourceTree = "<group>";
		};
		5628F29127F5BFEF009EA147 /* Resources */ = {
			isa = PBXGroup;
			children = (
				5628F29227F613EB009EA147 /* Fonts */,
			);
			path = Resources;
			sourceTree = "<group>";
		};
		5628F29227F613EB009EA147 /* Fonts */ = {
			isa = PBXGroup;
			children = (
			);
			path = Fonts;
			sourceTree = "<group>";
		};
		5628F29327F615A4009EA147 /* Scenes */ = {
			isa = PBXGroup;
			children = (
				5628F29427F6167D009EA147 /* CurrenciesList */,
				56126DFB27FCD1DB00DB0E26 /* DetailScreen */,
			);
			path = Scenes;
			sourceTree = "<group>";
		};
		5628F29427F6167D009EA147 /* CurrenciesList */ = {
			isa = PBXGroup;
			children = (
				5628F29527F6188E009EA147 /* TableView Cells */,
				5628F29A27F61A49009EA147 /* CurrenciesListTableViewController.swift */,
				56D775A327FF79220085A692 /* SearchCurrenciesResultsController.swift */,
			);
			path = CurrenciesList;
			sourceTree = "<group>";
		};
		5628F29527F6188E009EA147 /* TableView Cells */ = {
			isa = PBXGroup;
			children = (
				5628F29627F618FA009EA147 /* CurrencyItemTableViewCell.swift */,
				5628F29727F618FA009EA147 /* CurrencyItemTableViewCell.xib */,
			);
			path = "TableView Cells";
			sourceTree = "<group>";
		};
		56BBAC782805AF6100926258 /* Products */ = {
			isa = PBXGroup;
			children = (
				56BBAC832805AF6100926258 /* Alamofire.framework */,
				56BBAC852805AF6100926258 /* Alamofire iOS Tests.xctest */,
				56BBAC872805AF6100926258 /* Alamofire.framework */,
				56BBAC892805AF6100926258 /* Alamofire macOS Tests.xctest */,
				56BBAC8B2805AF6100926258 /* Alamofire.framework */,
				56BBAC8D2805AF6100926258 /* Alamofire tvOS Tests.xctest */,
				56BBAC8F2805AF6100926258 /* Alamofire.framework */,
				56BBAC912805AF6100926258 /* Alamofire watchOS Tests.xctest */,
			);
			name = Products;
			sourceTree = "<group>";
		};
		56BBAC932805AF6800926258 /* Products */ = {
			isa = PBXGroup;
			children = (
				56BBACA22805AF6800926258 /* MagicalRecord.framework */,
				56BBACA42805AF6800926258 /* MagicalRecord for iOS Tests.xctest */,
				56BBACA62805AF6800926258 /* MagicalRecord.framework */,
				56BBACA82805AF6800926258 /* MagicalRecord for OS X Tests.xctest */,
				56BBACAA2805AF6800926258 /* MagicalRecord.framework */,
				56BBACAC2805AF6800926258 /* MagicalRecord for tvOS Tests.xctest */,
				56BBACAE2805AF6800926258 /* libMagicalRecord.a */,
				56BBACB02805AF6800926258 /* libMagicalRecord for iOS Tests.xctest */,
				56BBACB22805AF6800926258 /* libMagicalRecord.dylib */,
				56BBACB42805AF6800926258 /* libMagicalRecord for OS X Tests.xctest */,
				56BBACB62805AF6800926258 /* libMagicalRecord.a */,
				56BBACB82805AF6800926258 /* libMagicalRecord for tvOS Tests.xctest */,
			);
			name = Products;
			sourceTree = "<group>";
		};
		56D7758C27FE2F990085A692 /* Database */ = {
			isa = PBXGroup;
			children = (
				56D7758D27FE2FC30085A692 /* Currency+CoreDataClass.swift */,
				56D7758E27FE2FC30085A692 /* Currency+CoreDataProperties.swift */,
				5628F28227F5BF2F009EA147 /* CryptoMarket.xcdatamodeld */,
			);
			path = Database;
			sourceTree = "<group>";
		};
		56D7759C27FEED830085A692 /* Models */ = {
			isa = PBXGroup;
			children = (
				56D7759D27FEEEBD0085A692 /* CMTableViewCellDataModel.swift */,
			);
			path = Models;
			sourceTree = "<group>";
		};
		56D775A5280014C10085A692 /* TableView Cells */ = {
			isa = PBXGroup;
			children = (
				56D775A6280014F90085A692 /* DetailTableViewCell.swift */,
				56D775A7280014F90085A692 /* DetailTableViewCell.xib */,
			);
			path = "TableView Cells";
			sourceTree = "<group>";
		};
/* End PBXGroup section */

/* Begin PBXNativeTarget section */
		5628F27527F5BF2F009EA147 /* CryptoMarket */ = {
			isa = PBXNativeTarget;
			buildConfigurationList = 5628F28D27F5BF31009EA147 /* Build configuration list for PBXNativeTarget "CryptoMarket" */;
			buildPhases = (
				5628F27227F5BF2F009EA147 /* Sources */,
				5628F27327F5BF2F009EA147 /* Frameworks */,
				5628F27427F5BF2F009EA147 /* Resources */,
				563B41B22805AD9F00E5C0FB /* Embed Frameworks */,
			);
			buildRules = (
			);
			dependencies = (
			);
			name = CryptoMarket;
			productName = CryptoMarket;
			productReference = 5628F27627F5BF2F009EA147 /* CryptoMarket.app */;
			productType = "com.apple.product-type.application";
		};
/* End PBXNativeTarget section */

/* Begin PBXProject section */
		5628F26E27F5BF2F009EA147 /* Project object */ = {
			isa = PBXProject;
			attributes = {
				BuildIndependentTargetsInParallel = 1;
				LastSwiftUpdateCheck = 1330;
				LastUpgradeCheck = 1330;
				TargetAttributes = {
					5628F27527F5BF2F009EA147 = {
						CreatedOnToolsVersion = 13.3;
					};
				};
			};
			buildConfigurationList = 5628F27127F5BF2F009EA147 /* Build configuration list for PBXProject "CryptoMarket" */;
			compatibilityVersion = "Xcode 13.0";
			developmentRegion = en;
			hasScannedForEncodings = 0;
			knownRegions = (
				en,
				Base,
			);
			mainGroup = 5628F26D27F5BF2F009EA147;
			productRefGroup = 5628F27727F5BF2F009EA147 /* Products */;
			projectDirPath = "";
			projectReferences = (
				{
					ProductGroup = 56BBAC782805AF6100926258 /* Products */;
					ProjectRef = 56BBAC772805AF6100926258 /* Alamofire.xcodeproj */;
				},
				{
					ProductGroup = 56BBAC932805AF6800926258 /* Products */;
					ProjectRef = 56BBAC922805AF6800926258 /* MagicalRecord.xcodeproj */;
				},
			);
			projectRoot = "";
			targets = (
				5628F27527F5BF2F009EA147 /* CryptoMarket */,
			);
		};
/* End PBXProject section */

/* Begin PBXReferenceProxy section */
		56BBAC832805AF6100926258 /* Alamofire.framework */ = {
			isa = PBXReferenceProxy;
			fileType = wrapper.framework;
			path = Alamofire.framework;
			remoteRef = 56BBAC822805AF6100926258 /* PBXContainerItemProxy */;
			sourceTree = BUILT_PRODUCTS_DIR;
		};
		56BBAC852805AF6100926258 /* Alamofire iOS Tests.xctest */ = {
			isa = PBXReferenceProxy;
			fileType = wrapper.cfbundle;
			path = "Alamofire iOS Tests.xctest";
			remoteRef = 56BBAC842805AF6100926258 /* PBXContainerItemProxy */;
			sourceTree = BUILT_PRODUCTS_DIR;
		};
		56BBAC872805AF6100926258 /* Alamofire.framework */ = {
			isa = PBXReferenceProxy;
			fileType = wrapper.framework;
			path = Alamofire.framework;
			remoteRef = 56BBAC862805AF6100926258 /* PBXContainerItemProxy */;
			sourceTree = BUILT_PRODUCTS_DIR;
		};
		56BBAC892805AF6100926258 /* Alamofire macOS Tests.xctest */ = {
			isa = PBXReferenceProxy;
			fileType = wrapper.cfbundle;
			path = "Alamofire macOS Tests.xctest";
			remoteRef = 56BBAC882805AF6100926258 /* PBXContainerItemProxy */;
			sourceTree = BUILT_PRODUCTS_DIR;
		};
		56BBAC8B2805AF6100926258 /* Alamofire.framework */ = {
			isa = PBXReferenceProxy;
			fileType = wrapper.framework;
			path = Alamofire.framework;
			remoteRef = 56BBAC8A2805AF6100926258 /* PBXContainerItemProxy */;
			sourceTree = BUILT_PRODUCTS_DIR;
		};
		56BBAC8D2805AF6100926258 /* Alamofire tvOS Tests.xctest */ = {
			isa = PBXReferenceProxy;
			fileType = wrapper.cfbundle;
			path = "Alamofire tvOS Tests.xctest";
			remoteRef = 56BBAC8C2805AF6100926258 /* PBXContainerItemProxy */;
			sourceTree = BUILT_PRODUCTS_DIR;
		};
		56BBAC8F2805AF6100926258 /* Alamofire.framework */ = {
			isa = PBXReferenceProxy;
			fileType = wrapper.framework;
			path = Alamofire.framework;
			remoteRef = 56BBAC8E2805AF6100926258 /* PBXContainerItemProxy */;
			sourceTree = BUILT_PRODUCTS_DIR;
		};
		56BBAC912805AF6100926258 /* Alamofire watchOS Tests.xctest */ = {
			isa = PBXReferenceProxy;
			fileType = wrapper.cfbundle;
			path = "Alamofire watchOS Tests.xctest";
			remoteRef = 56BBAC902805AF6100926258 /* PBXContainerItemProxy */;
			sourceTree = BUILT_PRODUCTS_DIR;
		};
		56BBACA22805AF6800926258 /* MagicalRecord.framework */ = {
			isa = PBXReferenceProxy;
			fileType = wrapper.framework;
			path = MagicalRecord.framework;
			remoteRef = 56BBACA12805AF6800926258 /* PBXContainerItemProxy */;
			sourceTree = BUILT_PRODUCTS_DIR;
		};
		56BBACA42805AF6800926258 /* MagicalRecord for iOS Tests.xctest */ = {
			isa = PBXReferenceProxy;
			fileType = wrapper.cfbundle;
			path = "MagicalRecord for iOS Tests.xctest";
			remoteRef = 56BBACA32805AF6800926258 /* PBXContainerItemProxy */;
			sourceTree = BUILT_PRODUCTS_DIR;
		};
		56BBACA62805AF6800926258 /* MagicalRecord.framework */ = {
			isa = PBXReferenceProxy;
			fileType = wrapper.framework;
			path = MagicalRecord.framework;
			remoteRef = 56BBACA52805AF6800926258 /* PBXContainerItemProxy */;
			sourceTree = BUILT_PRODUCTS_DIR;
		};
		56BBACA82805AF6800926258 /* MagicalRecord for OS X Tests.xctest */ = {
			isa = PBXReferenceProxy;
			fileType = wrapper.cfbundle;
			path = "MagicalRecord for OS X Tests.xctest";
			remoteRef = 56BBACA72805AF6800926258 /* PBXContainerItemProxy */;
			sourceTree = BUILT_PRODUCTS_DIR;
		};
		56BBACAA2805AF6800926258 /* MagicalRecord.framework */ = {
			isa = PBXReferenceProxy;
			fileType = wrapper.framework;
			path = MagicalRecord.framework;
			remoteRef = 56BBACA92805AF6800926258 /* PBXContainerItemProxy */;
			sourceTree = BUILT_PRODUCTS_DIR;
		};
		56BBACAC2805AF6800926258 /* MagicalRecord for tvOS Tests.xctest */ = {
			isa = PBXReferenceProxy;
			fileType = wrapper.cfbundle;
			path = "MagicalRecord for tvOS Tests.xctest";
			remoteRef = 56BBACAB2805AF6800926258 /* PBXContainerItemProxy */;
			sourceTree = BUILT_PRODUCTS_DIR;
		};
		56BBACAE2805AF6800926258 /* libMagicalRecord.a */ = {
			isa = PBXReferenceProxy;
			fileType = archive.ar;
			path = libMagicalRecord.a;
			remoteRef = 56BBACAD2805AF6800926258 /* PBXContainerItemProxy */;
			sourceTree = BUILT_PRODUCTS_DIR;
		};
		56BBACB02805AF6800926258 /* libMagicalRecord for iOS Tests.xctest */ = {
			isa = PBXReferenceProxy;
			fileType = wrapper.cfbundle;
			path = "libMagicalRecord for iOS Tests.xctest";
			remoteRef = 56BBACAF2805AF6800926258 /* PBXContainerItemProxy */;
			sourceTree = BUILT_PRODUCTS_DIR;
		};
		56BBACB22805AF6800926258 /* libMagicalRecord.dylib */ = {
			isa = PBXReferenceProxy;
			fileType = "compiled.mach-o.dylib";
			path = libMagicalRecord.dylib;
			remoteRef = 56BBACB12805AF6800926258 /* PBXContainerItemProxy */;
			sourceTree = BUILT_PRODUCTS_DIR;
		};
		56BBACB42805AF6800926258 /* libMagicalRecord for OS X Tests.xctest */ = {
			isa = PBXReferenceProxy;
			fileType = wrapper.cfbundle;
			path = "libMagicalRecord for OS X Tests.xctest";
			remoteRef = 56BBACB32805AF6800926258 /* PBXContainerItemProxy */;
			sourceTree = BUILT_PRODUCTS_DIR;
		};
		56BBACB62805AF6800926258 /* libMagicalRecord.a */ = {
			isa = PBXReferenceProxy;
			fileType = archive.ar;
			path = libMagicalRecord.a;
			remoteRef = 56BBACB52805AF6800926258 /* PBXContainerItemProxy */;
			sourceTree = BUILT_PRODUCTS_DIR;
		};
		56BBACB82805AF6800926258 /* libMagicalRecord for tvOS Tests.xctest */ = {
			isa = PBXReferenceProxy;
			fileType = wrapper.cfbundle;
			path = "libMagicalRecord for tvOS Tests.xctest";
			remoteRef = 56BBACB72805AF6800926258 /* PBXContainerItemProxy */;
			sourceTree = BUILT_PRODUCTS_DIR;
		};
/* End PBXReferenceProxy section */

/* Begin PBXResourcesBuildPhase section */
		5628F27427F5BF2F009EA147 /* Resources */ = {
			isa = PBXResourcesBuildPhase;
			buildActionMask = 2147483647;
			files = (
				56126DFF27FCD9EB00DB0E26 /* CurrencyDetailViewController.xib in Resources */,
				56D775A9280014F90085A692 /* DetailTableViewCell.xib in Resources */,
				5628F28927F5BF31009EA147 /* LaunchScreen.storyboard in Resources */,
				5628F29927F618FA009EA147 /* CurrencyItemTableViewCell.xib in Resources */,
				5628F28627F5BF31009EA147 /* Assets.xcassets in Resources */,
			);
			runOnlyForDeploymentPostprocessing = 0;
		};
/* End PBXResourcesBuildPhase section */

/* Begin PBXSourcesBuildPhase section */
		5628F27227F5BF2F009EA147 /* Sources */ = {
			isa = PBXSourcesBuildPhase;
			buildActionMask = 2147483647;
			files = (
				56D7759027FE2FC30085A692 /* Currency+CoreDataProperties.swift in Sources */,
				56D7759527FE3A950085A692 /* DatabaseHandler.swift in Sources */,
				56D775A427FF79220085A692 /* SearchCurrenciesResultsController.swift in Sources */,
				56038B5927FC1B3400F74B78 /* Platform.swift in Sources */,
				56038B5727FB31A800F74B78 /* CurrencyResponse.swift in Sources */,
				56D7758F27FE2FC30085A692 /* Currency+CoreDataClass.swift in Sources */,
				56126DFE27FCD9EB00DB0E26 /* CurrencyDetailViewController.swift in Sources */,
				56038B5B27FC6A9D00F74B78 /* ListingLatest.swift in Sources */,
				56D7759E27FEEEBD0085A692 /* CMTableViewCellDataModel.swift in Sources */,
				5628F29B27F61A49009EA147 /* CurrenciesListTableViewController.swift in Sources */,
				56D775AB280021770085A692 /* DetailItem.swift in Sources */,
				56D775A8280014F90085A692 /* DetailTableViewCell.swift in Sources */,
				56038B5027FAF58400F74B78 /* MarketAPIManager.swift in Sources */,
				5628F27A27F5BF2F009EA147 /* AppDelegate.swift in Sources */,
				5628F28427F5BF2F009EA147 /* CryptoMarket.xcdatamodeld in Sources */,
				5628F27C27F5BF2F009EA147 /* SceneDelegate.swift in Sources */,
				5628F29827F618FA009EA147 /* CurrencyItemTableViewCell.swift in Sources */,
			);
			runOnlyForDeploymentPostprocessing = 0;
		};
/* End PBXSourcesBuildPhase section */

/* Begin PBXVariantGroup section */
		5628F28727F5BF31009EA147 /* LaunchScreen.storyboard */ = {
			isa = PBXVariantGroup;
			children = (
				5628F28827F5BF31009EA147 /* Base */,
			);
			name = LaunchScreen.storyboard;
			sourceTree = "<group>";
		};
/* End PBXVariantGroup section */

/* Begin XCBuildConfiguration section */
		5628F28B27F5BF31009EA147 /* Debug */ = {
			isa = XCBuildConfiguration;
			buildSettings = {
				ALWAYS_SEARCH_USER_PATHS = NO;
				CLANG_ANALYZER_NONNULL = YES;
				CLANG_ANALYZER_NUMBER_OBJECT_CONVERSION = YES_AGGRESSIVE;
				CLANG_CXX_LANGUAGE_STANDARD = "gnu++17";
				CLANG_ENABLE_MODULES = YES;
				CLANG_ENABLE_OBJC_ARC = YES;
				CLANG_ENABLE_OBJC_WEAK = YES;
				CLANG_WARN_BLOCK_CAPTURE_AUTORELEASING = YES;
				CLANG_WARN_BOOL_CONVERSION = YES;
				CLANG_WARN_COMMA = YES;
				CLANG_WARN_CONSTANT_CONVERSION = YES;
				CLANG_WARN_DEPRECATED_OBJC_IMPLEMENTATIONS = YES;
				CLANG_WARN_DIRECT_OBJC_ISA_USAGE = YES_ERROR;
				CLANG_WARN_DOCUMENTATION_COMMENTS = YES;
				CLANG_WARN_EMPTY_BODY = YES;
				CLANG_WARN_ENUM_CONVERSION = YES;
				CLANG_WARN_INFINITE_RECURSION = YES;
				CLANG_WARN_INT_CONVERSION = YES;
				CLANG_WARN_NON_LITERAL_NULL_CONVERSION = YES;
				CLANG_WARN_OBJC_IMPLICIT_RETAIN_SELF = YES;
				CLANG_WARN_OBJC_LITERAL_CONVERSION = YES;
				CLANG_WARN_OBJC_ROOT_CLASS = YES_ERROR;
				CLANG_WARN_QUOTED_INCLUDE_IN_FRAMEWORK_HEADER = YES;
				CLANG_WARN_RANGE_LOOP_ANALYSIS = YES;
				CLANG_WARN_STRICT_PROTOTYPES = YES;
				CLANG_WARN_SUSPICIOUS_MOVE = YES;
				CLANG_WARN_UNGUARDED_AVAILABILITY = YES_AGGRESSIVE;
				CLANG_WARN_UNREACHABLE_CODE = YES;
				CLANG_WARN__DUPLICATE_METHOD_MATCH = YES;
				COPY_PHASE_STRIP = NO;
				DEBUG_INFORMATION_FORMAT = dwarf;
				ENABLE_STRICT_OBJC_MSGSEND = YES;
				ENABLE_TESTABILITY = YES;
				GCC_C_LANGUAGE_STANDARD = gnu11;
				GCC_DYNAMIC_NO_PIC = NO;
				GCC_NO_COMMON_BLOCKS = YES;
				GCC_OPTIMIZATION_LEVEL = 0;
				GCC_PREPROCESSOR_DEFINITIONS = (
					"DEBUG=1",
					"$(inherited)",
				);
				GCC_WARN_64_TO_32_BIT_CONVERSION = YES;
				GCC_WARN_ABOUT_RETURN_TYPE = YES_ERROR;
				GCC_WARN_UNDECLARED_SELECTOR = YES;
				GCC_WARN_UNINITIALIZED_AUTOS = YES_AGGRESSIVE;
				GCC_WARN_UNUSED_FUNCTION = YES;
				GCC_WARN_UNUSED_VARIABLE = YES;
				IPHONEOS_DEPLOYMENT_TARGET = 14.7;
				MTL_ENABLE_DEBUG_INFO = INCLUDE_SOURCE;
				MTL_FAST_MATH = YES;
				ONLY_ACTIVE_ARCH = YES;
				SDKROOT = iphoneos;
				SWIFT_ACTIVE_COMPILATION_CONDITIONS = DEBUG;
				SWIFT_OPTIMIZATION_LEVEL = "-Onone";
			};
			name = Debug;
		};
		5628F28C27F5BF31009EA147 /* Release */ = {
			isa = XCBuildConfiguration;
			buildSettings = {
				ALWAYS_SEARCH_USER_PATHS = NO;
				CLANG_ANALYZER_NONNULL = YES;
				CLANG_ANALYZER_NUMBER_OBJECT_CONVERSION = YES_AGGRESSIVE;
				CLANG_CXX_LANGUAGE_STANDARD = "gnu++17";
				CLANG_ENABLE_MODULES = YES;
				CLANG_ENABLE_OBJC_ARC = YES;
				CLANG_ENABLE_OBJC_WEAK = YES;
				CLANG_WARN_BLOCK_CAPTURE_AUTORELEASING = YES;
				CLANG_WARN_BOOL_CONVERSION = YES;
				CLANG_WARN_COMMA = YES;
				CLANG_WARN_CONSTANT_CONVERSION = YES;
				CLANG_WARN_DEPRECATED_OBJC_IMPLEMENTATIONS = YES;
				CLANG_WARN_DIRECT_OBJC_ISA_USAGE = YES_ERROR;
				CLANG_WARN_DOCUMENTATION_COMMENTS = YES;
				CLANG_WARN_EMPTY_BODY = YES;
				CLANG_WARN_ENUM_CONVERSION = YES;
				CLANG_WARN_INFINITE_RECURSION = YES;
				CLANG_WARN_INT_CONVERSION = YES;
				CLANG_WARN_NON_LITERAL_NULL_CONVERSION = YES;
				CLANG_WARN_OBJC_IMPLICIT_RETAIN_SELF = YES;
				CLANG_WARN_OBJC_LITERAL_CONVERSION = YES;
				CLANG_WARN_OBJC_ROOT_CLASS = YES_ERROR;
				CLANG_WARN_QUOTED_INCLUDE_IN_FRAMEWORK_HEADER = YES;
				CLANG_WARN_RANGE_LOOP_ANALYSIS = YES;
				CLANG_WARN_STRICT_PROTOTYPES = YES;
				CLANG_WARN_SUSPICIOUS_MOVE = YES;
				CLANG_WARN_UNGUARDED_AVAILABILITY = YES_AGGRESSIVE;
				CLANG_WARN_UNREACHABLE_CODE = YES;
				CLANG_WARN__DUPLICATE_METHOD_MATCH = YES;
				COPY_PHASE_STRIP = NO;
				DEBUG_INFORMATION_FORMAT = "dwarf-with-dsym";
				ENABLE_NS_ASSERTIONS = NO;
				ENABLE_STRICT_OBJC_MSGSEND = YES;
				GCC_C_LANGUAGE_STANDARD = gnu11;
				GCC_NO_COMMON_BLOCKS = YES;
				GCC_WARN_64_TO_32_BIT_CONVERSION = YES;
				GCC_WARN_ABOUT_RETURN_TYPE = YES_ERROR;
				GCC_WARN_UNDECLARED_SELECTOR = YES;
				GCC_WARN_UNINITIALIZED_AUTOS = YES_AGGRESSIVE;
				GCC_WARN_UNUSED_FUNCTION = YES;
				GCC_WARN_UNUSED_VARIABLE = YES;
				IPHONEOS_DEPLOYMENT_TARGET = 14.7;
				MTL_ENABLE_DEBUG_INFO = NO;
				MTL_FAST_MATH = YES;
				SDKROOT = iphoneos;
				SWIFT_COMPILATION_MODE = wholemodule;
				SWIFT_OPTIMIZATION_LEVEL = "-O";
				VALIDATE_PRODUCT = YES;
			};
			name = Release;
		};
		5628F28E27F5BF31009EA147 /* Debug */ = {
			isa = XCBuildConfiguration;
			buildSettings = {
				ASSETCATALOG_COMPILER_APPICON_NAME = AppIcon;
				ASSETCATALOG_COMPILER_GLOBAL_ACCENT_COLOR_NAME = AccentColor;
				CODE_SIGN_STYLE = Automatic;
				CURRENT_PROJECT_VERSION = 1;
				DEVELOPMENT_TEAM = CYCS9B5KF2;
				GENERATE_INFOPLIST_FILE = YES;
				INFOPLIST_FILE = CryptoMarket/Info.plist;
				INFOPLIST_KEY_UIApplicationSupportsIndirectInputEvents = YES;
				INFOPLIST_KEY_UILaunchStoryboardName = LaunchScreen;
				INFOPLIST_KEY_UISupportedInterfaceOrientations_iPad = "UIInterfaceOrientationPortrait UIInterfaceOrientationPortraitUpsideDown UIInterfaceOrientationLandscapeLeft UIInterfaceOrientationLandscapeRight";
				INFOPLIST_KEY_UISupportedInterfaceOrientations_iPhone = "UIInterfaceOrientationPortrait UIInterfaceOrientationLandscapeLeft UIInterfaceOrientationLandscapeRight";
				LD_RUNPATH_SEARCH_PATHS = (
					"$(inherited)",
					"@executable_path/Frameworks",
				);
				MARKETING_VERSION = 1.0;
				PRODUCT_BUNDLE_IDENTIFIER = com.tonchak.CryptoMarket;
				PRODUCT_NAME = "$(TARGET_NAME)";
				SWIFT_EMIT_LOC_STRINGS = YES;
				SWIFT_VERSION = 5.0;
				TARGETED_DEVICE_FAMILY = "1,2";
			};
			name = Debug;
		};
		5628F28F27F5BF31009EA147 /* Release */ = {
			isa = XCBuildConfiguration;
			buildSettings = {
				ASSETCATALOG_COMPILER_APPICON_NAME = AppIcon;
				ASSETCATALOG_COMPILER_GLOBAL_ACCENT_COLOR_NAME = AccentColor;
				CODE_SIGN_STYLE = Automatic;
				CURRENT_PROJECT_VERSION = 1;
				DEVELOPMENT_TEAM = CYCS9B5KF2;
				GENERATE_INFOPLIST_FILE = YES;
				INFOPLIST_FILE = CryptoMarket/Info.plist;
				INFOPLIST_KEY_UIApplicationSupportsIndirectInputEvents = YES;
				INFOPLIST_KEY_UILaunchStoryboardName = LaunchScreen;
				INFOPLIST_KEY_UISupportedInterfaceOrientations_iPad = "UIInterfaceOrientationPortrait UIInterfaceOrientationPortraitUpsideDown UIInterfaceOrientationLandscapeLeft UIInterfaceOrientationLandscapeRight";
				INFOPLIST_KEY_UISupportedInterfaceOrientations_iPhone = "UIInterfaceOrientationPortrait UIInterfaceOrientationLandscapeLeft UIInterfaceOrientationLandscapeRight";
				LD_RUNPATH_SEARCH_PATHS = (
					"$(inherited)",
					"@executable_path/Frameworks",
				);
				MARKETING_VERSION = 1.0;
				PRODUCT_BUNDLE_IDENTIFIER = com.tonchak.CryptoMarket;
				PRODUCT_NAME = "$(TARGET_NAME)";
				SWIFT_EMIT_LOC_STRINGS = YES;
				SWIFT_VERSION = 5.0;
				TARGETED_DEVICE_FAMILY = "1,2";
			};
			name = Release;
		};
/* End XCBuildConfiguration section */

/* Begin XCConfigurationList section */
		5628F27127F5BF2F009EA147 /* Build configuration list for PBXProject "CryptoMarket" */ = {
			isa = XCConfigurationList;
			buildConfigurations = (
				5628F28B27F5BF31009EA147 /* Debug */,
				5628F28C27F5BF31009EA147 /* Release */,
			);
			defaultConfigurationIsVisible = 0;
			defaultConfigurationName = Release;
		};
		5628F28D27F5BF31009EA147 /* Build configuration list for PBXNativeTarget "CryptoMarket" */ = {
			isa = XCConfigurationList;
			buildConfigurations = (
				5628F28E27F5BF31009EA147 /* Debug */,
				5628F28F27F5BF31009EA147 /* Release */,
			);
			defaultConfigurationIsVisible = 0;
			defaultConfigurationName = Release;
		};
/* End XCConfigurationList section */

/* Begin XCVersionGroup section */
		5628F28227F5BF2F009EA147 /* CryptoMarket.xcdatamodeld */ = {
			isa = XCVersionGroup;
			children = (
				5628F28327F5BF2F009EA147 /* CryptoMarket.xcdatamodel */,
			);
			currentVersion = 5628F28327F5BF2F009EA147 /* CryptoMarket.xcdatamodel */;
			path = CryptoMarket.xcdatamodeld;
			sourceTree = "<group>";
			versionGroupType = wrapper.xcdatamodel;
		};
/* End XCVersionGroup section */
	};
	rootObject = 5628F26E27F5BF2F009EA147 /* Project object */;
}
